// !$*UTF8*$!
{
	archiveVersion = 1;
	classes = {
	};
	objectVersion = 46;
	objects = {

/* Begin PBXBuildFile section */
		9E01240B196703B80080543B /* backArrow.png in Resources */ = {isa = PBXBuildFile; fileRef = 9E012409196703B80080543B /* backArrow.png */; };
		9E01240C196703B80080543B /* backArrow@2x.png in Resources */ = {isa = PBXBuildFile; fileRef = 9E01240A196703B80080543B /* backArrow@2x.png */; };
		9E01240F196707A30080543B /* SignupEmailViewController.m in Sources */ = {isa = PBXBuildFile; fileRef = 9E01240E196707A30080543B /* SignupEmailViewController.m */; };
		9E0124121967088D0080543B /* SignupGenderViewController.m in Sources */ = {isa = PBXBuildFile; fileRef = 9E0124111967088D0080543B /* SignupGenderViewController.m */; };
		9E01241719670A8B0080543B /* female.png in Resources */ = {isa = PBXBuildFile; fileRef = 9E01241319670A8B0080543B /* female.png */; };
		9E01241819670A8B0080543B /* female@2x.png in Resources */ = {isa = PBXBuildFile; fileRef = 9E01241419670A8B0080543B /* female@2x.png */; };
		9E01241919670A8B0080543B /* male.png in Resources */ = {isa = PBXBuildFile; fileRef = 9E01241519670A8B0080543B /* male.png */; };
		9E01241A19670A8B0080543B /* male@2x.png in Resources */ = {isa = PBXBuildFile; fileRef = 9E01241619670A8B0080543B /* male@2x.png */; };
		9E01241D19670C980080543B /* maleAndFemale.png in Resources */ = {isa = PBXBuildFile; fileRef = 9E01241B19670C980080543B /* maleAndFemale.png */; };
		9E01241E19670C980080543B /* maleAndFemale@2x.png in Resources */ = {isa = PBXBuildFile; fileRef = 9E01241C19670C980080543B /* maleAndFemale@2x.png */; };
		9E01242119670CF50080543B /* SignupSeekingViewController.m in Sources */ = {isa = PBXBuildFile; fileRef = 9E01242019670CF50080543B /* SignupSeekingViewController.m */; };
		9E01242319670F010080543B /* location@2x.png in Resources */ = {isa = PBXBuildFile; fileRef = 9E01242219670F010080543B /* location@2x.png */; };
		9E0124261967120B0080543B /* SignupLocationViewController.m in Sources */ = {isa = PBXBuildFile; fileRef = 9E0124251967120B0080543B /* SignupLocationViewController.m */; };
		9E012429196712160080543B /* SignupPhoneViewController.m in Sources */ = {isa = PBXBuildFile; fileRef = 9E012428196712160080543B /* SignupPhoneViewController.m */; };
		9E01242C1967121E0080543B /* SignupPhoneVerifyViewController.m in Sources */ = {isa = PBXBuildFile; fileRef = 9E01242B1967121E0080543B /* SignupPhoneVerifyViewController.m */; };
		9E01242E196717490080543B /* MapKit.framework in Frameworks */ = {isa = PBXBuildFile; fileRef = 9E01242D196717490080543B /* MapKit.framework */; };
		9E01243119671B040080543B /* CommonStyledViewController.m in Sources */ = {isa = PBXBuildFile; fileRef = 9E01243019671B040080543B /* CommonStyledViewController.m */; };
		9E01243419671C5A0080543B /* SignupNetworksViewController.m in Sources */ = {isa = PBXBuildFile; fileRef = 9E01243319671C5A0080543B /* SignupNetworksViewController.m */; };
		9E0124391967224E0080543B /* connectEmail@2x.png in Resources */ = {isa = PBXBuildFile; fileRef = 9E0124351967224E0080543B /* connectEmail@2x.png */; };
		9E01243A1967224E0080543B /* connectFacebook@2x.png in Resources */ = {isa = PBXBuildFile; fileRef = 9E0124361967224E0080543B /* connectFacebook@2x.png */; };
		9E01243B1967224E0080543B /* connectInstagram@2x.png in Resources */ = {isa = PBXBuildFile; fileRef = 9E0124371967224E0080543B /* connectInstagram@2x.png */; };
		9E01243C1967224E0080543B /* connectTwitter@2x.png in Resources */ = {isa = PBXBuildFile; fileRef = 9E0124381967224E0080543B /* connectTwitter@2x.png */; };
		9E01243F196723270080543B /* SignupAddFriendsViewController.m in Sources */ = {isa = PBXBuildFile; fileRef = 9E01243E196723270080543B /* SignupAddFriendsViewController.m */; };
		9E012442196726110080543B /* FriendCell.m in Sources */ = {isa = PBXBuildFile; fileRef = 9E012441196726110080543B /* FriendCell.m */; };
		9E012445196726C10080543B /* UserInfo.m in Sources */ = {isa = PBXBuildFile; fileRef = 9E012444196726C10080543B /* UserInfo.m */; };
		9E01244719673F080080543B /* user-default@2x.png in Resources */ = {isa = PBXBuildFile; fileRef = 9E01244619673F080080543B /* user-default@2x.png */; };
		9E01244A19673F6D0080543B /* iconCheck@2x.png in Resources */ = {isa = PBXBuildFile; fileRef = 9E01244819673F6D0080543B /* iconCheck@2x.png */; };
		9E01244B19673F6D0080543B /* iconPlus@2x.png in Resources */ = {isa = PBXBuildFile; fileRef = 9E01244919673F6D0080543B /* iconPlus@2x.png */; };
		9E18BC651964B9F0001BEDAE /* ProfileViewController.m in Sources */ = {isa = PBXBuildFile; fileRef = 9E18BC641964B9F0001BEDAE /* ProfileViewController.m */; };
		9E79B7F2196435AA00559838 /* Foundation.framework in Frameworks */ = {isa = PBXBuildFile; fileRef = 9E79B7F1196435AA00559838 /* Foundation.framework */; };
		9E79B7F4196435AA00559838 /* CoreGraphics.framework in Frameworks */ = {isa = PBXBuildFile; fileRef = 9E79B7F3196435AA00559838 /* CoreGraphics.framework */; };
		9E79B7F6196435AA00559838 /* UIKit.framework in Frameworks */ = {isa = PBXBuildFile; fileRef = 9E79B7F5196435AA00559838 /* UIKit.framework */; };
		9E79B7FC196435AA00559838 /* InfoPlist.strings in Resources */ = {isa = PBXBuildFile; fileRef = 9E79B7FA196435AA00559838 /* InfoPlist.strings */; };
		9E79B7FE196435AA00559838 /* main.m in Sources */ = {isa = PBXBuildFile; fileRef = 9E79B7FD196435AA00559838 /* main.m */; };
		9E79B802196435AA00559838 /* AppDelegate.m in Sources */ = {isa = PBXBuildFile; fileRef = 9E79B801196435AA00559838 /* AppDelegate.m */; };
		9E79B805196435AA00559838 /* Main.storyboard in Resources */ = {isa = PBXBuildFile; fileRef = 9E79B803196435AA00559838 /* Main.storyboard */; };
		9E79B808196435AA00559838 /* ViewController.m in Sources */ = {isa = PBXBuildFile; fileRef = 9E79B807196435AA00559838 /* ViewController.m */; };
		9E79B80A196435AA00559838 /* Images.xcassets in Resources */ = {isa = PBXBuildFile; fileRef = 9E79B809196435AA00559838 /* Images.xcassets */; };
		9E79B811196435AA00559838 /* XCTest.framework in Frameworks */ = {isa = PBXBuildFile; fileRef = 9E79B810196435AA00559838 /* XCTest.framework */; };
		9E79B812196435AA00559838 /* Foundation.framework in Frameworks */ = {isa = PBXBuildFile; fileRef = 9E79B7F1196435AA00559838 /* Foundation.framework */; };
		9E79B813196435AA00559838 /* UIKit.framework in Frameworks */ = {isa = PBXBuildFile; fileRef = 9E79B7F5196435AA00559838 /* UIKit.framework */; };
		9E79B81B196435AA00559838 /* InfoPlist.strings in Resources */ = {isa = PBXBuildFile; fileRef = 9E79B819196435AA00559838 /* InfoPlist.strings */; };
		9E79B81D196435AA00559838 /* SEVENTests.m in Sources */ = {isa = PBXBuildFile; fileRef = 9E79B81C196435AA00559838 /* SEVENTests.m */; };
		9E79B82A196435FF00559838 /* Parse.framework in Frameworks */ = {isa = PBXBuildFile; fileRef = 9E79B829196435FF00559838 /* Parse.framework */; };
		9E79B82F1964362400559838 /* ParseBase.m in Sources */ = {isa = PBXBuildFile; fileRef = 9E79B82C1964362400559838 /* ParseBase.m */; };
		9E79B84E1964363600559838 /* ALAssetsLibrary+CustomPhotoAlbum.m in Sources */ = {isa = PBXBuildFile; fileRef = 9E79B8331964363600559838 /* ALAssetsLibrary+CustomPhotoAlbum.m */; settings = {COMPILER_FLAGS = "-fno-objc-arc"; }; };
		9E79B84F1964363600559838 /* GPLocationHelper.m in Sources */ = {isa = PBXBuildFile; fileRef = 9E79B8351964363600559838 /* GPLocationHelper.m */; };
		9E79B8501964363600559838 /* NSObject+MKBlockAdditions.m in Sources */ = {isa = PBXBuildFile; fileRef = 9E79B8391964363600559838 /* NSObject+MKBlockAdditions.m */; settings = {COMPILER_FLAGS = "-fno-objc-arc"; }; };
		9E79B8511964363600559838 /* UIActionSheet+MKBlockAdditions.m in Sources */ = {isa = PBXBuildFile; fileRef = 9E79B83B1964363600559838 /* UIActionSheet+MKBlockAdditions.m */; settings = {COMPILER_FLAGS = "-fno-objc-arc"; }; };
		9E79B8521964363600559838 /* UIAlertView+MKBlockAdditions.m in Sources */ = {isa = PBXBuildFile; fileRef = 9E79B83D1964363600559838 /* UIAlertView+MKBlockAdditions.m */; settings = {COMPILER_FLAGS = "-fno-objc-arc"; }; };
		9E79B8551964363600559838 /* NSObject+Notify.m in Sources */ = {isa = PBXBuildFile; fileRef = 9E79B8431964363600559838 /* NSObject+Notify.m */; };
		9E79B8571964363600559838 /* UIImage+Alpha.m in Sources */ = {isa = PBXBuildFile; fileRef = 9E79B8471964363600559838 /* UIImage+Alpha.m */; };
		9E79B8581964363600559838 /* UIImage+Resize.m in Sources */ = {isa = PBXBuildFile; fileRef = 9E79B8491964363600559838 /* UIImage+Resize.m */; };
		9E79B8591964363600559838 /* UIImage+RoundedCorner.m in Sources */ = {isa = PBXBuildFile; fileRef = 9E79B84B1964363600559838 /* UIImage+RoundedCorner.m */; settings = {COMPILER_FLAGS = "-fno-objc-arc"; }; };
		9E79B85A1964363600559838 /* Util.m in Sources */ = {isa = PBXBuildFile; fileRef = 9E79B84D1964363600559838 /* Util.m */; };
		9E79B85D1964382100559838 /* LoginViewController.m in Sources */ = {isa = PBXBuildFile; fileRef = 9E79B85C1964382100559838 /* LoginViewController.m */; };
		9E79B8601964389200559838 /* SignupNameViewController.m in Sources */ = {isa = PBXBuildFile; fileRef = 9E79B85F1964389200559838 /* SignupNameViewController.m */; };
		9E79B86219643AF200559838 /* AudioToolbox.framework in Frameworks */ = {isa = PBXBuildFile; fileRef = 9E79B86119643AF200559838 /* AudioToolbox.framework */; };
		9E79B86419643AF900559838 /* CFNetwork.framework in Frameworks */ = {isa = PBXBuildFile; fileRef = 9E79B86319643AF900559838 /* CFNetwork.framework */; };
		9E79B86619643AFE00559838 /* CoreLocation.framework in Frameworks */ = {isa = PBXBuildFile; fileRef = 9E79B86519643AFE00559838 /* CoreLocation.framework */; };
		9E79B86819643B0300559838 /* libz.dylib in Frameworks */ = {isa = PBXBuildFile; fileRef = 9E79B86719643B0300559838 /* libz.dylib */; };
		9E79B86A19643B0A00559838 /* MobileCoreServices.framework in Frameworks */ = {isa = PBXBuildFile; fileRef = 9E79B86919643B0A00559838 /* MobileCoreServices.framework */; };
		9E79B86C19643B1100559838 /* QuartzCore.framework in Frameworks */ = {isa = PBXBuildFile; fileRef = 9E79B86B19643B1100559838 /* QuartzCore.framework */; };
		9E79B86E19643B1600559838 /* Security.framework in Frameworks */ = {isa = PBXBuildFile; fileRef = 9E79B86D19643B1600559838 /* Security.framework */; };
		9E79B87019643B1900559838 /* StoreKit.framework in Frameworks */ = {isa = PBXBuildFile; fileRef = 9E79B86F19643B1900559838 /* StoreKit.framework */; };
		9E79B87219643B2100559838 /* SystemConfiguration.framework in Frameworks */ = {isa = PBXBuildFile; fileRef = 9E79B87119643B2100559838 /* SystemConfiguration.framework */; };
/* End PBXBuildFile section */

/* Begin PBXContainerItemProxy section */
		9E79B814196435AA00559838 /* PBXContainerItemProxy */ = {
			isa = PBXContainerItemProxy;
			containerPortal = 9E79B7E6196435AA00559838 /* Project object */;
			proxyType = 1;
			remoteGlobalIDString = 9E79B7ED196435AA00559838;
			remoteInfo = SEVEN;
		};
/* End PBXContainerItemProxy section */

/* Begin PBXFileReference section */
		9E0124081966FCDA0080543B /* Constants.h */ = {isa = PBXFileReference; lastKnownFileType = sourcecode.c.h; path = Constants.h; sourceTree = "<group>"; };
		9E012409196703B80080543B /* backArrow.png */ = {isa = PBXFileReference; lastKnownFileType = image.png; path = backArrow.png; sourceTree = "<group>"; };
		9E01240A196703B80080543B /* backArrow@2x.png */ = {isa = PBXFileReference; lastKnownFileType = image.png; path = "backArrow@2x.png"; sourceTree = "<group>"; };
		9E01240D196707A30080543B /* SignupEmailViewController.h */ = {isa = PBXFileReference; fileEncoding = 4; lastKnownFileType = sourcecode.c.h; path = SignupEmailViewController.h; sourceTree = "<group>"; };
		9E01240E196707A30080543B /* SignupEmailViewController.m */ = {isa = PBXFileReference; fileEncoding = 4; lastKnownFileType = sourcecode.c.objc; path = SignupEmailViewController.m; sourceTree = "<group>"; };
		9E0124101967088D0080543B /* SignupGenderViewController.h */ = {isa = PBXFileReference; fileEncoding = 4; lastKnownFileType = sourcecode.c.h; path = SignupGenderViewController.h; sourceTree = "<group>"; };
		9E0124111967088D0080543B /* SignupGenderViewController.m */ = {isa = PBXFileReference; fileEncoding = 4; lastKnownFileType = sourcecode.c.objc; path = SignupGenderViewController.m; sourceTree = "<group>"; };
		9E01241319670A8B0080543B /* female.png */ = {isa = PBXFileReference; lastKnownFileType = image.png; path = female.png; sourceTree = "<group>"; };
		9E01241419670A8B0080543B /* female@2x.png */ = {isa = PBXFileReference; lastKnownFileType = image.png; path = "female@2x.png"; sourceTree = "<group>"; };
		9E01241519670A8B0080543B /* male.png */ = {isa = PBXFileReference; lastKnownFileType = image.png; path = male.png; sourceTree = "<group>"; };
		9E01241619670A8B0080543B /* male@2x.png */ = {isa = PBXFileReference; lastKnownFileType = image.png; path = "male@2x.png"; sourceTree = "<group>"; };
		9E01241B19670C980080543B /* maleAndFemale.png */ = {isa = PBXFileReference; lastKnownFileType = image.png; path = maleAndFemale.png; sourceTree = "<group>"; };
		9E01241C19670C980080543B /* maleAndFemale@2x.png */ = {isa = PBXFileReference; lastKnownFileType = image.png; path = "maleAndFemale@2x.png"; sourceTree = "<group>"; };
		9E01241F19670CF50080543B /* SignupSeekingViewController.h */ = {isa = PBXFileReference; fileEncoding = 4; lastKnownFileType = sourcecode.c.h; path = SignupSeekingViewController.h; sourceTree = "<group>"; };
		9E01242019670CF50080543B /* SignupSeekingViewController.m */ = {isa = PBXFileReference; fileEncoding = 4; lastKnownFileType = sourcecode.c.objc; path = SignupSeekingViewController.m; sourceTree = "<group>"; };
		9E01242219670F010080543B /* location@2x.png */ = {isa = PBXFileReference; lastKnownFileType = image.png; path = "location@2x.png"; sourceTree = "<group>"; };
		9E0124241967120B0080543B /* SignupLocationViewController.h */ = {isa = PBXFileReference; fileEncoding = 4; lastKnownFileType = sourcecode.c.h; path = SignupLocationViewController.h; sourceTree = "<group>"; };
		9E0124251967120B0080543B /* SignupLocationViewController.m */ = {isa = PBXFileReference; fileEncoding = 4; lastKnownFileType = sourcecode.c.objc; path = SignupLocationViewController.m; sourceTree = "<group>"; };
		9E012427196712160080543B /* SignupPhoneViewController.h */ = {isa = PBXFileReference; fileEncoding = 4; lastKnownFileType = sourcecode.c.h; path = SignupPhoneViewController.h; sourceTree = "<group>"; };
		9E012428196712160080543B /* SignupPhoneViewController.m */ = {isa = PBXFileReference; fileEncoding = 4; lastKnownFileType = sourcecode.c.objc; path = SignupPhoneViewController.m; sourceTree = "<group>"; };
		9E01242A1967121E0080543B /* SignupPhoneVerifyViewController.h */ = {isa = PBXFileReference; fileEncoding = 4; lastKnownFileType = sourcecode.c.h; path = SignupPhoneVerifyViewController.h; sourceTree = "<group>"; };
		9E01242B1967121E0080543B /* SignupPhoneVerifyViewController.m */ = {isa = PBXFileReference; fileEncoding = 4; lastKnownFileType = sourcecode.c.objc; path = SignupPhoneVerifyViewController.m; sourceTree = "<group>"; };
		9E01242D196717490080543B /* MapKit.framework */ = {isa = PBXFileReference; lastKnownFileType = wrapper.framework; name = MapKit.framework; path = System/Library/Frameworks/MapKit.framework; sourceTree = SDKROOT; };
		9E01242F19671B040080543B /* CommonStyledViewController.h */ = {isa = PBXFileReference; fileEncoding = 4; lastKnownFileType = sourcecode.c.h; path = CommonStyledViewController.h; sourceTree = "<group>"; };
		9E01243019671B040080543B /* CommonStyledViewController.m */ = {isa = PBXFileReference; fileEncoding = 4; lastKnownFileType = sourcecode.c.objc; path = CommonStyledViewController.m; sourceTree = "<group>"; };
		9E01243219671C5A0080543B /* SignupNetworksViewController.h */ = {isa = PBXFileReference; fileEncoding = 4; lastKnownFileType = sourcecode.c.h; path = SignupNetworksViewController.h; sourceTree = "<group>"; };
		9E01243319671C5A0080543B /* SignupNetworksViewController.m */ = {isa = PBXFileReference; fileEncoding = 4; lastKnownFileType = sourcecode.c.objc; path = SignupNetworksViewController.m; sourceTree = "<group>"; };
		9E0124351967224E0080543B /* connectEmail@2x.png */ = {isa = PBXFileReference; lastKnownFileType = image.png; path = "connectEmail@2x.png"; sourceTree = "<group>"; };
		9E0124361967224E0080543B /* connectFacebook@2x.png */ = {isa = PBXFileReference; lastKnownFileType = image.png; path = "connectFacebook@2x.png"; sourceTree = "<group>"; };
		9E0124371967224E0080543B /* connectInstagram@2x.png */ = {isa = PBXFileReference; lastKnownFileType = image.png; path = "connectInstagram@2x.png"; sourceTree = "<group>"; };
		9E0124381967224E0080543B /* connectTwitter@2x.png */ = {isa = PBXFileReference; lastKnownFileType = image.png; path = "connectTwitter@2x.png"; sourceTree = "<group>"; };
		9E01243D196723270080543B /* SignupAddFriendsViewController.h */ = {isa = PBXFileReference; fileEncoding = 4; lastKnownFileType = sourcecode.c.h; path = SignupAddFriendsViewController.h; sourceTree = "<group>"; };
		9E01243E196723270080543B /* SignupAddFriendsViewController.m */ = {isa = PBXFileReference; fileEncoding = 4; lastKnownFileType = sourcecode.c.objc; path = SignupAddFriendsViewController.m; sourceTree = "<group>"; };
		9E012440196726110080543B /* FriendCell.h */ = {isa = PBXFileReference; fileEncoding = 4; lastKnownFileType = sourcecode.c.h; path = FriendCell.h; sourceTree = "<group>"; };
		9E012441196726110080543B /* FriendCell.m */ = {isa = PBXFileReference; fileEncoding = 4; lastKnownFileType = sourcecode.c.objc; path = FriendCell.m; sourceTree = "<group>"; };
		9E012443196726C10080543B /* UserInfo.h */ = {isa = PBXFileReference; fileEncoding = 4; lastKnownFileType = sourcecode.c.h; path = UserInfo.h; sourceTree = "<group>"; };
		9E012444196726C10080543B /* UserInfo.m */ = {isa = PBXFileReference; fileEncoding = 4; lastKnownFileType = sourcecode.c.objc; path = UserInfo.m; sourceTree = "<group>"; };
		9E01244619673F080080543B /* user-default@2x.png */ = {isa = PBXFileReference; lastKnownFileType = image.png; path = "user-default@2x.png"; sourceTree = "<group>"; };
		9E01244819673F6D0080543B /* iconCheck@2x.png */ = {isa = PBXFileReference; lastKnownFileType = image.png; path = "iconCheck@2x.png"; sourceTree = "<group>"; };
		9E01244919673F6D0080543B /* iconPlus@2x.png */ = {isa = PBXFileReference; lastKnownFileType = image.png; path = "iconPlus@2x.png"; sourceTree = "<group>"; };
		9E18BC631964B9F0001BEDAE /* ProfileViewController.h */ = {isa = PBXFileReference; fileEncoding = 4; lastKnownFileType = sourcecode.c.h; path = ProfileViewController.h; sourceTree = "<group>"; };
		9E18BC641964B9F0001BEDAE /* ProfileViewController.m */ = {isa = PBXFileReference; fileEncoding = 4; lastKnownFileType = sourcecode.c.objc; path = ProfileViewController.m; sourceTree = "<group>"; };
		9E79B7EE196435AA00559838 /* SEVEN.app */ = {isa = PBXFileReference; explicitFileType = wrapper.application; includeInIndex = 0; path = SEVEN.app; sourceTree = BUILT_PRODUCTS_DIR; };
		9E79B7F1196435AA00559838 /* Foundation.framework */ = {isa = PBXFileReference; lastKnownFileType = wrapper.framework; name = Foundation.framework; path = System/Library/Frameworks/Foundation.framework; sourceTree = SDKROOT; };
		9E79B7F3196435AA00559838 /* CoreGraphics.framework */ = {isa = PBXFileReference; lastKnownFileType = wrapper.framework; name = CoreGraphics.framework; path = System/Library/Frameworks/CoreGraphics.framework; sourceTree = SDKROOT; };
		9E79B7F5196435AA00559838 /* UIKit.framework */ = {isa = PBXFileReference; lastKnownFileType = wrapper.framework; name = UIKit.framework; path = System/Library/Frameworks/UIKit.framework; sourceTree = SDKROOT; };
		9E79B7F9196435AA00559838 /* SEVEN-Info.plist */ = {isa = PBXFileReference; lastKnownFileType = text.plist.xml; path = "SEVEN-Info.plist"; sourceTree = "<group>"; };
		9E79B7FB196435AA00559838 /* en */ = {isa = PBXFileReference; lastKnownFileType = text.plist.strings; name = en; path = en.lproj/InfoPlist.strings; sourceTree = "<group>"; };
		9E79B7FD196435AA00559838 /* main.m */ = {isa = PBXFileReference; lastKnownFileType = sourcecode.c.objc; path = main.m; sourceTree = "<group>"; };
		9E79B7FF196435AA00559838 /* SEVEN-Prefix.pch */ = {isa = PBXFileReference; lastKnownFileType = sourcecode.c.h; path = "SEVEN-Prefix.pch"; sourceTree = "<group>"; };
		9E79B800196435AA00559838 /* AppDelegate.h */ = {isa = PBXFileReference; lastKnownFileType = sourcecode.c.h; path = AppDelegate.h; sourceTree = "<group>"; };
		9E79B801196435AA00559838 /* AppDelegate.m */ = {isa = PBXFileReference; lastKnownFileType = sourcecode.c.objc; path = AppDelegate.m; sourceTree = "<group>"; };
		9E79B804196435AA00559838 /* Base */ = {isa = PBXFileReference; lastKnownFileType = file.storyboard; name = Base; path = Base.lproj/Main.storyboard; sourceTree = "<group>"; };
		9E79B806196435AA00559838 /* ViewController.h */ = {isa = PBXFileReference; lastKnownFileType = sourcecode.c.h; path = ViewController.h; sourceTree = "<group>"; };
		9E79B807196435AA00559838 /* ViewController.m */ = {isa = PBXFileReference; lastKnownFileType = sourcecode.c.objc; path = ViewController.m; sourceTree = "<group>"; };
		9E79B809196435AA00559838 /* Images.xcassets */ = {isa = PBXFileReference; lastKnownFileType = folder.assetcatalog; path = Images.xcassets; sourceTree = "<group>"; };
		9E79B80F196435AA00559838 /* SEVENTests.xctest */ = {isa = PBXFileReference; explicitFileType = wrapper.cfbundle; includeInIndex = 0; path = SEVENTests.xctest; sourceTree = BUILT_PRODUCTS_DIR; };
		9E79B810196435AA00559838 /* XCTest.framework */ = {isa = PBXFileReference; lastKnownFileType = wrapper.framework; name = XCTest.framework; path = Library/Frameworks/XCTest.framework; sourceTree = DEVELOPER_DIR; };
		9E79B818196435AA00559838 /* SEVENTests-Info.plist */ = {isa = PBXFileReference; lastKnownFileType = text.plist.xml; path = "SEVENTests-Info.plist"; sourceTree = "<group>"; };
		9E79B81A196435AA00559838 /* en */ = {isa = PBXFileReference; lastKnownFileType = text.plist.strings; name = en; path = en.lproj/InfoPlist.strings; sourceTree = "<group>"; };
		9E79B81C196435AA00559838 /* SEVENTests.m */ = {isa = PBXFileReference; lastKnownFileType = sourcecode.c.objc; path = SEVENTests.m; sourceTree = "<group>"; };
		9E79B828196435F700559838 /* PFObjectFactory.h */ = {isa = PBXFileReference; lastKnownFileType = sourcecode.c.h; path = PFObjectFactory.h; sourceTree = "<group>"; };
		9E79B829196435FF00559838 /* Parse.framework */ = {isa = PBXFileReference; lastKnownFileType = wrapper.framework; path = Parse.framework; sourceTree = "<group>"; };
		9E79B82B1964362400559838 /* ParseBase.h */ = {isa = PBXFileReference; fileEncoding = 4; lastKnownFileType = sourcecode.c.h; path = ParseBase.h; sourceTree = "<group>"; };
		9E79B82C1964362400559838 /* ParseBase.m */ = {isa = PBXFileReference; fileEncoding = 4; lastKnownFileType = sourcecode.c.objc; path = ParseBase.m; sourceTree = "<group>"; };
		9E79B8321964363600559838 /* ALAssetsLibrary+CustomPhotoAlbum.h */ = {isa = PBXFileReference; fileEncoding = 4; lastKnownFileType = sourcecode.c.h; path = "ALAssetsLibrary+CustomPhotoAlbum.h"; sourceTree = "<group>"; };
		9E79B8331964363600559838 /* ALAssetsLibrary+CustomPhotoAlbum.m */ = {isa = PBXFileReference; fileEncoding = 4; lastKnownFileType = sourcecode.c.objc; path = "ALAssetsLibrary+CustomPhotoAlbum.m"; sourceTree = "<group>"; };
		9E79B8341964363600559838 /* GPLocationHelper.h */ = {isa = PBXFileReference; fileEncoding = 4; lastKnownFileType = sourcecode.c.h; path = GPLocationHelper.h; sourceTree = "<group>"; };
		9E79B8351964363600559838 /* GPLocationHelper.m */ = {isa = PBXFileReference; fileEncoding = 4; lastKnownFileType = sourcecode.c.objc; path = GPLocationHelper.m; sourceTree = "<group>"; };
		9E79B8371964363600559838 /* MKBlockAdditions.h */ = {isa = PBXFileReference; fileEncoding = 4; lastKnownFileType = sourcecode.c.h; path = MKBlockAdditions.h; sourceTree = "<group>"; };
		9E79B8381964363600559838 /* NSObject+MKBlockAdditions.h */ = {isa = PBXFileReference; fileEncoding = 4; lastKnownFileType = sourcecode.c.h; path = "NSObject+MKBlockAdditions.h"; sourceTree = "<group>"; };
		9E79B8391964363600559838 /* NSObject+MKBlockAdditions.m */ = {isa = PBXFileReference; fileEncoding = 4; lastKnownFileType = sourcecode.c.objc; path = "NSObject+MKBlockAdditions.m"; sourceTree = "<group>"; };
		9E79B83A1964363600559838 /* UIActionSheet+MKBlockAdditions.h */ = {isa = PBXFileReference; fileEncoding = 4; lastKnownFileType = sourcecode.c.h; path = "UIActionSheet+MKBlockAdditions.h"; sourceTree = "<group>"; };
		9E79B83B1964363600559838 /* UIActionSheet+MKBlockAdditions.m */ = {isa = PBXFileReference; fileEncoding = 4; lastKnownFileType = sourcecode.c.objc; path = "UIActionSheet+MKBlockAdditions.m"; sourceTree = "<group>"; };
		9E79B83C1964363600559838 /* UIAlertView+MKBlockAdditions.h */ = {isa = PBXFileReference; fileEncoding = 4; lastKnownFileType = sourcecode.c.h; path = "UIAlertView+MKBlockAdditions.h"; sourceTree = "<group>"; };
		9E79B83D1964363600559838 /* UIAlertView+MKBlockAdditions.m */ = {isa = PBXFileReference; fileEncoding = 4; lastKnownFileType = sourcecode.c.objc; path = "UIAlertView+MKBlockAdditions.m"; sourceTree = "<group>"; };
		9E79B8421964363600559838 /* NSObject+Notify.h */ = {isa = PBXFileReference; fileEncoding = 4; lastKnownFileType = sourcecode.c.h; path = "NSObject+Notify.h"; sourceTree = "<group>"; };
		9E79B8431964363600559838 /* NSObject+Notify.m */ = {isa = PBXFileReference; fileEncoding = 4; lastKnownFileType = sourcecode.c.objc; path = "NSObject+Notify.m"; sourceTree = "<group>"; };
		9E79B8461964363600559838 /* UIImage+Alpha.h */ = {isa = PBXFileReference; fileEncoding = 4; lastKnownFileType = sourcecode.c.h; path = "UIImage+Alpha.h"; sourceTree = "<group>"; };
		9E79B8471964363600559838 /* UIImage+Alpha.m */ = {isa = PBXFileReference; fileEncoding = 4; lastKnownFileType = sourcecode.c.objc; path = "UIImage+Alpha.m"; sourceTree = "<group>"; };
		9E79B8481964363600559838 /* UIImage+Resize.h */ = {isa = PBXFileReference; fileEncoding = 4; lastKnownFileType = sourcecode.c.h; path = "UIImage+Resize.h"; sourceTree = "<group>"; };
		9E79B8491964363600559838 /* UIImage+Resize.m */ = {isa = PBXFileReference; fileEncoding = 4; lastKnownFileType = sourcecode.c.objc; path = "UIImage+Resize.m"; sourceTree = "<group>"; };
		9E79B84A1964363600559838 /* UIImage+RoundedCorner.h */ = {isa = PBXFileReference; fileEncoding = 4; lastKnownFileType = sourcecode.c.h; path = "UIImage+RoundedCorner.h"; sourceTree = "<group>"; };
		9E79B84B1964363600559838 /* UIImage+RoundedCorner.m */ = {isa = PBXFileReference; fileEncoding = 4; lastKnownFileType = sourcecode.c.objc; path = "UIImage+RoundedCorner.m"; sourceTree = "<group>"; };
		9E79B84C1964363600559838 /* Util.h */ = {isa = PBXFileReference; fileEncoding = 4; lastKnownFileType = sourcecode.c.h; path = Util.h; sourceTree = "<group>"; };
		9E79B84D1964363600559838 /* Util.m */ = {isa = PBXFileReference; fileEncoding = 4; lastKnownFileType = sourcecode.c.objc; path = Util.m; sourceTree = "<group>"; };
		9E79B85B1964382100559838 /* LoginViewController.h */ = {isa = PBXFileReference; fileEncoding = 4; lastKnownFileType = sourcecode.c.h; path = LoginViewController.h; sourceTree = "<group>"; };
		9E79B85C1964382100559838 /* LoginViewController.m */ = {isa = PBXFileReference; fileEncoding = 4; lastKnownFileType = sourcecode.c.objc; path = LoginViewController.m; sourceTree = "<group>"; };
		9E79B85E1964389200559838 /* SignupNameViewController.h */ = {isa = PBXFileReference; fileEncoding = 4; lastKnownFileType = sourcecode.c.h; path = SignupNameViewController.h; sourceTree = "<group>"; };
		9E79B85F1964389200559838 /* SignupNameViewController.m */ = {isa = PBXFileReference; fileEncoding = 4; lastKnownFileType = sourcecode.c.objc; path = SignupNameViewController.m; sourceTree = "<group>"; };
		9E79B86119643AF200559838 /* AudioToolbox.framework */ = {isa = PBXFileReference; lastKnownFileType = wrapper.framework; name = AudioToolbox.framework; path = System/Library/Frameworks/AudioToolbox.framework; sourceTree = SDKROOT; };
		9E79B86319643AF900559838 /* CFNetwork.framework */ = {isa = PBXFileReference; lastKnownFileType = wrapper.framework; name = CFNetwork.framework; path = System/Library/Frameworks/CFNetwork.framework; sourceTree = SDKROOT; };
		9E79B86519643AFE00559838 /* CoreLocation.framework */ = {isa = PBXFileReference; lastKnownFileType = wrapper.framework; name = CoreLocation.framework; path = System/Library/Frameworks/CoreLocation.framework; sourceTree = SDKROOT; };
		9E79B86719643B0300559838 /* libz.dylib */ = {isa = PBXFileReference; lastKnownFileType = "compiled.mach-o.dylib"; name = libz.dylib; path = usr/lib/libz.dylib; sourceTree = SDKROOT; };
		9E79B86919643B0A00559838 /* MobileCoreServices.framework */ = {isa = PBXFileReference; lastKnownFileType = wrapper.framework; name = MobileCoreServices.framework; path = System/Library/Frameworks/MobileCoreServices.framework; sourceTree = SDKROOT; };
		9E79B86B19643B1100559838 /* QuartzCore.framework */ = {isa = PBXFileReference; lastKnownFileType = wrapper.framework; name = QuartzCore.framework; path = System/Library/Frameworks/QuartzCore.framework; sourceTree = SDKROOT; };
		9E79B86D19643B1600559838 /* Security.framework */ = {isa = PBXFileReference; lastKnownFileType = wrapper.framework; name = Security.framework; path = System/Library/Frameworks/Security.framework; sourceTree = SDKROOT; };
		9E79B86F19643B1900559838 /* StoreKit.framework */ = {isa = PBXFileReference; lastKnownFileType = wrapper.framework; name = StoreKit.framework; path = System/Library/Frameworks/StoreKit.framework; sourceTree = SDKROOT; };
		9E79B87119643B2100559838 /* SystemConfiguration.framework */ = {isa = PBXFileReference; lastKnownFileType = wrapper.framework; name = SystemConfiguration.framework; path = System/Library/Frameworks/SystemConfiguration.framework; sourceTree = SDKROOT; };
/* End PBXFileReference section */

/* Begin PBXFrameworksBuildPhase section */
		9E79B7EB196435AA00559838 /* Frameworks */ = {
			isa = PBXFrameworksBuildPhase;
			buildActionMask = 2147483647;
			files = (
				9E01242E196717490080543B /* MapKit.framework in Frameworks */,
				9E79B87219643B2100559838 /* SystemConfiguration.framework in Frameworks */,
				9E79B87019643B1900559838 /* StoreKit.framework in Frameworks */,
				9E79B86E19643B1600559838 /* Security.framework in Frameworks */,
				9E79B86C19643B1100559838 /* QuartzCore.framework in Frameworks */,
				9E79B86A19643B0A00559838 /* MobileCoreServices.framework in Frameworks */,
				9E79B86819643B0300559838 /* libz.dylib in Frameworks */,
				9E79B86619643AFE00559838 /* CoreLocation.framework in Frameworks */,
				9E79B86419643AF900559838 /* CFNetwork.framework in Frameworks */,
				9E79B86219643AF200559838 /* AudioToolbox.framework in Frameworks */,
				9E79B7F4196435AA00559838 /* CoreGraphics.framework in Frameworks */,
				9E79B7F6196435AA00559838 /* UIKit.framework in Frameworks */,
				9E79B82A196435FF00559838 /* Parse.framework in Frameworks */,
				9E79B7F2196435AA00559838 /* Foundation.framework in Frameworks */,
			);
			runOnlyForDeploymentPostprocessing = 0;
		};
		9E79B80C196435AA00559838 /* Frameworks */ = {
			isa = PBXFrameworksBuildPhase;
			buildActionMask = 2147483647;
			files = (
				9E79B811196435AA00559838 /* XCTest.framework in Frameworks */,
				9E79B813196435AA00559838 /* UIKit.framework in Frameworks */,
				9E79B812196435AA00559838 /* Foundation.framework in Frameworks */,
			);
			runOnlyForDeploymentPostprocessing = 0;
		};
/* End PBXFrameworksBuildPhase section */

/* Begin PBXGroup section */
		9E79B7E5196435AA00559838 = {
			isa = PBXGroup;
			children = (
				9E79B7F7196435AA00559838 /* SEVEN */,
				9E79B816196435AA00559838 /* SEVENTests */,
				9E79B7F0196435AA00559838 /* Frameworks */,
				9E79B7EF196435AA00559838 /* Products */,
			);
			sourceTree = "<group>";
		};
		9E79B7EF196435AA00559838 /* Products */ = {
			isa = PBXGroup;
			children = (
				9E79B7EE196435AA00559838 /* SEVEN.app */,
				9E79B80F196435AA00559838 /* SEVENTests.xctest */,
			);
			name = Products;
			sourceTree = "<group>";
		};
		9E79B7F0196435AA00559838 /* Frameworks */ = {
			isa = PBXGroup;
			children = (
				9E01242D196717490080543B /* MapKit.framework */,
				9E79B87119643B2100559838 /* SystemConfiguration.framework */,
				9E79B86F19643B1900559838 /* StoreKit.framework */,
				9E79B86D19643B1600559838 /* Security.framework */,
				9E79B86B19643B1100559838 /* QuartzCore.framework */,
				9E79B86919643B0A00559838 /* MobileCoreServices.framework */,
				9E79B86719643B0300559838 /* libz.dylib */,
				9E79B86519643AFE00559838 /* CoreLocation.framework */,
				9E79B86319643AF900559838 /* CFNetwork.framework */,
				9E79B86119643AF200559838 /* AudioToolbox.framework */,
				9E79B7F1196435AA00559838 /* Foundation.framework */,
				9E79B7F3196435AA00559838 /* CoreGraphics.framework */,
				9E79B7F5196435AA00559838 /* UIKit.framework */,
				9E79B810196435AA00559838 /* XCTest.framework */,
			);
			name = Frameworks;
			sourceTree = "<group>";
		};
		9E79B7F7196435AA00559838 /* SEVEN */ = {
			isa = PBXGroup;
			children = (
				9E79B8311964363600559838 /* Utils */,
				9E79B826196435DE00559838 /* Parse */,
				9E0124081966FCDA0080543B /* Constants.h */,
				9E79B800196435AA00559838 /* AppDelegate.h */,
				9E79B801196435AA00559838 /* AppDelegate.m */,
				9E79B803196435AA00559838 /* Main.storyboard */,
				9E79B806196435AA00559838 /* ViewController.h */,
				9E79B807196435AA00559838 /* ViewController.m */,
				9E01242F19671B040080543B /* CommonStyledViewController.h */,
				9E01243019671B040080543B /* CommonStyledViewController.m */,
				9E79B85E1964389200559838 /* SignupNameViewController.h */,
				9E79B85F1964389200559838 /* SignupNameViewController.m */,
				9E01240D196707A30080543B /* SignupEmailViewController.h */,
				9E01240E196707A30080543B /* SignupEmailViewController.m */,
				9E0124101967088D0080543B /* SignupGenderViewController.h */,
				9E0124111967088D0080543B /* SignupGenderViewController.m */,
				9E01241F19670CF50080543B /* SignupSeekingViewController.h */,
				9E01242019670CF50080543B /* SignupSeekingViewController.m */,
				9E0124241967120B0080543B /* SignupLocationViewController.h */,
				9E0124251967120B0080543B /* SignupLocationViewController.m */,
				9E012427196712160080543B /* SignupPhoneViewController.h */,
				9E012428196712160080543B /* SignupPhoneViewController.m */,
				9E01242A1967121E0080543B /* SignupPhoneVerifyViewController.h */,
				9E01242B1967121E0080543B /* SignupPhoneVerifyViewController.m */,
				9E01243219671C5A0080543B /* SignupNetworksViewController.h */,
				9E01243319671C5A0080543B /* SignupNetworksViewController.m */,
				9E01243D196723270080543B /* SignupAddFriendsViewController.h */,
				9E01243E196723270080543B /* SignupAddFriendsViewController.m */,
				9E012440196726110080543B /* FriendCell.h */,
				9E012441196726110080543B /* FriendCell.m */,
				9E79B85B1964382100559838 /* LoginViewController.h */,
				9E79B85C1964382100559838 /* LoginViewController.m */,
				9E18BC631964B9F0001BEDAE /* ProfileViewController.h */,
				9E18BC641964B9F0001BEDAE /* ProfileViewController.m */,
				9E79B809196435AA00559838 /* Images.xcassets */,
				9EE24F571964769000F7EA78 /* Images */,
				9E79B7F8196435AA00559838 /* Supporting Files */,
			);
			path = SEVEN;
			sourceTree = "<group>";
		};
		9E79B7F8196435AA00559838 /* Supporting Files */ = {
			isa = PBXGroup;
			children = (
				9E79B7F9196435AA00559838 /* SEVEN-Info.plist */,
				9E79B7FA196435AA00559838 /* InfoPlist.strings */,
				9E79B7FD196435AA00559838 /* main.m */,
				9E79B7FF196435AA00559838 /* SEVEN-Prefix.pch */,
			);
			name = "Supporting Files";
			sourceTree = "<group>";
		};
		9E79B816196435AA00559838 /* SEVENTests */ = {
			isa = PBXGroup;
			children = (
				9E79B81C196435AA00559838 /* SEVENTests.m */,
				9E79B817196435AA00559838 /* Supporting Files */,
			);
			path = SEVENTests;
			sourceTree = "<group>";
		};
		9E79B817196435AA00559838 /* Supporting Files */ = {
			isa = PBXGroup;
			children = (
				9E79B818196435AA00559838 /* SEVENTests-Info.plist */,
				9E79B819196435AA00559838 /* InfoPlist.strings */,
			);
			name = "Supporting Files";
			sourceTree = "<group>";
		};
		9E79B826196435DE00559838 /* Parse */ = {
			isa = PBXGroup;
			children = (
				9E79B82B1964362400559838 /* ParseBase.h */,
				9E79B82C1964362400559838 /* ParseBase.m */,
				9E012443196726C10080543B /* UserInfo.h */,
				9E012444196726C10080543B /* UserInfo.m */,
				9E79B829196435FF00559838 /* Parse.framework */,
				9E79B828196435F700559838 /* PFObjectFactory.h */,
			);
			name = Parse;
			sourceTree = "<group>";
		};
		9E79B8311964363600559838 /* Utils */ = {
			isa = PBXGroup;
			children = (
				9E79B8321964363600559838 /* ALAssetsLibrary+CustomPhotoAlbum.h */,
				9E79B8331964363600559838 /* ALAssetsLibrary+CustomPhotoAlbum.m */,
				9E79B8341964363600559838 /* GPLocationHelper.h */,
				9E79B8351964363600559838 /* GPLocationHelper.m */,
				9E79B8361964363600559838 /* MKAdditions */,
				9E79B8421964363600559838 /* NSObject+Notify.h */,
				9E79B8431964363600559838 /* NSObject+Notify.m */,
				9E79B8461964363600559838 /* UIImage+Alpha.h */,
				9E79B8471964363600559838 /* UIImage+Alpha.m */,
				9E79B8481964363600559838 /* UIImage+Resize.h */,
				9E79B8491964363600559838 /* UIImage+Resize.m */,
				9E79B84A1964363600559838 /* UIImage+RoundedCorner.h */,
				9E79B84B1964363600559838 /* UIImage+RoundedCorner.m */,
				9E79B84C1964363600559838 /* Util.h */,
				9E79B84D1964363600559838 /* Util.m */,
			);
			path = Utils;
			sourceTree = "<group>";
		};
		9E79B8361964363600559838 /* MKAdditions */ = {
			isa = PBXGroup;
			children = (
				9E79B8371964363600559838 /* MKBlockAdditions.h */,
				9E79B8381964363600559838 /* NSObject+MKBlockAdditions.h */,
				9E79B8391964363600559838 /* NSObject+MKBlockAdditions.m */,
				9E79B83A1964363600559838 /* UIActionSheet+MKBlockAdditions.h */,
				9E79B83B1964363600559838 /* UIActionSheet+MKBlockAdditions.m */,
				9E79B83C1964363600559838 /* UIAlertView+MKBlockAdditions.h */,
				9E79B83D1964363600559838 /* UIAlertView+MKBlockAdditions.m */,
			);
			path = MKAdditions;
			sourceTree = "<group>";
		};
		9EE24F571964769000F7EA78 /* Images */ = {
			isa = PBXGroup;
			children = (
				9E01244819673F6D0080543B /* iconCheck@2x.png */,
				9E01244919673F6D0080543B /* iconPlus@2x.png */,
				9E01244619673F080080543B /* user-default@2x.png */,
				9E0124351967224E0080543B /* connectEmail@2x.png */,
				9E0124361967224E0080543B /* connectFacebook@2x.png */,
				9E0124371967224E0080543B /* connectInstagram@2x.png */,
				9E0124381967224E0080543B /* connectTwitter@2x.png */,
				9E01242219670F010080543B /* location@2x.png */,
				9E01241319670A8B0080543B /* female.png */,
				9E01241419670A8B0080543B /* female@2x.png */,
				9E01241519670A8B0080543B /* male.png */,
				9E01241619670A8B0080543B /* male@2x.png */,
				9E012409196703B80080543B /* backArrow.png */,
				9E01240A196703B80080543B /* backArrow@2x.png */,
				9E01241B19670C980080543B /* maleAndFemale.png */,
				9E01241C19670C980080543B /* maleAndFemale@2x.png */,
			);
			path = Images;
			sourceTree = "<group>";
		};
/* End PBXGroup section */

/* Begin PBXNativeTarget section */
		9E79B7ED196435AA00559838 /* SEVEN */ = {
			isa = PBXNativeTarget;
			buildConfigurationList = 9E79B820196435AA00559838 /* Build configuration list for PBXNativeTarget "SEVEN" */;
			buildPhases = (
				9E79B7EA196435AA00559838 /* Sources */,
				9E79B7EB196435AA00559838 /* Frameworks */,
				9E79B7EC196435AA00559838 /* Resources */,
			);
			buildRules = (
			);
			dependencies = (
			);
			name = SEVEN;
			productName = SEVEN;
			productReference = 9E79B7EE196435AA00559838 /* SEVEN.app */;
			productType = "com.apple.product-type.application";
		};
		9E79B80E196435AA00559838 /* SEVENTests */ = {
			isa = PBXNativeTarget;
			buildConfigurationList = 9E79B823196435AA00559838 /* Build configuration list for PBXNativeTarget "SEVENTests" */;
			buildPhases = (
				9E79B80B196435AA00559838 /* Sources */,
				9E79B80C196435AA00559838 /* Frameworks */,
				9E79B80D196435AA00559838 /* Resources */,
			);
			buildRules = (
			);
			dependencies = (
				9E79B815196435AA00559838 /* PBXTargetDependency */,
			);
			name = SEVENTests;
			productName = SEVENTests;
			productReference = 9E79B80F196435AA00559838 /* SEVENTests.xctest */;
			productType = "com.apple.product-type.bundle.unit-test";
		};
/* End PBXNativeTarget section */

/* Begin PBXProject section */
		9E79B7E6196435AA00559838 /* Project object */ = {
			isa = PBXProject;
			attributes = {
				LastUpgradeCheck = 0510;
				ORGANIZATIONNAME = SEVEN;
				TargetAttributes = {
					9E79B7ED196435AA00559838 = {
						DevelopmentTeam = H799H8B8DD;
					};
					9E79B80E196435AA00559838 = {
						TestTargetID = 9E79B7ED196435AA00559838;
					};
				};
			};
			buildConfigurationList = 9E79B7E9196435AA00559838 /* Build configuration list for PBXProject "SEVEN" */;
			compatibilityVersion = "Xcode 3.2";
			developmentRegion = English;
			hasScannedForEncodings = 0;
			knownRegions = (
				en,
				Base,
			);
			mainGroup = 9E79B7E5196435AA00559838;
			productRefGroup = 9E79B7EF196435AA00559838 /* Products */;
			projectDirPath = "";
			projectRoot = "";
			targets = (
				9E79B7ED196435AA00559838 /* SEVEN */,
				9E79B80E196435AA00559838 /* SEVENTests */,
			);
		};
/* End PBXProject section */

/* Begin PBXResourcesBuildPhase section */
		9E79B7EC196435AA00559838 /* Resources */ = {
			isa = PBXResourcesBuildPhase;
			buildActionMask = 2147483647;
			files = (
				9E01240C196703B80080543B /* backArrow@2x.png in Resources */,
				9E01240B196703B80080543B /* backArrow.png in Resources */,
				9E0124391967224E0080543B /* connectEmail@2x.png in Resources */,
				9E01241E19670C980080543B /* maleAndFemale@2x.png in Resources */,
				9E01241919670A8B0080543B /* male.png in Resources */,
				9E01241819670A8B0080543B /* female@2x.png in Resources */,
				9E01241D19670C980080543B /* maleAndFemale.png in Resources */,
				9E01243A1967224E0080543B /* connectFacebook@2x.png in Resources */,
				9E79B80A196435AA00559838 /* Images.xcassets in Resources */,
				9E01243B1967224E0080543B /* connectInstagram@2x.png in Resources */,
				9E01244719673F080080543B /* user-default@2x.png in Resources */,
				9E79B7FC196435AA00559838 /* InfoPlist.strings in Resources */,
				9E79B805196435AA00559838 /* Main.storyboard in Resources */,
				9E01242319670F010080543B /* location@2x.png in Resources */,
				9E01244B19673F6D0080543B /* iconPlus@2x.png in Resources */,
				9E01241719670A8B0080543B /* female.png in Resources */,
				9E01241A19670A8B0080543B /* male@2x.png in Resources */,
				9E01244A19673F6D0080543B /* iconCheck@2x.png in Resources */,
				9E01243C1967224E0080543B /* connectTwitter@2x.png in Resources */,
			);
			runOnlyForDeploymentPostprocessing = 0;
		};
		9E79B80D196435AA00559838 /* Resources */ = {
			isa = PBXResourcesBuildPhase;
			buildActionMask = 2147483647;
			files = (
				9E79B81B196435AA00559838 /* InfoPlist.strings in Resources */,
			);
			runOnlyForDeploymentPostprocessing = 0;
		};
/* End PBXResourcesBuildPhase section */

/* Begin PBXSourcesBuildPhase section */
		9E79B7EA196435AA00559838 /* Sources */ = {
			isa = PBXSourcesBuildPhase;
			buildActionMask = 2147483647;
			files = (
				9E01243F196723270080543B /* SignupAddFriendsViewController.m in Sources */,
				9E01242119670CF50080543B /* SignupSeekingViewController.m in Sources */,
				9E79B82F1964362400559838 /* ParseBase.m in Sources */,
				9E01240F196707A30080543B /* SignupEmailViewController.m in Sources */,
				9E79B8551964363600559838 /* NSObject+Notify.m in Sources */,
				9E79B8591964363600559838 /* UIImage+RoundedCorner.m in Sources */,
				9E012445196726C10080543B /* UserInfo.m in Sources */,
				9E79B808196435AA00559838 /* ViewController.m in Sources */,
				9E01243119671B040080543B /* CommonStyledViewController.m in Sources */,
				9E79B84F1964363600559838 /* GPLocationHelper.m in Sources */,
				9E79B8511964363600559838 /* UIActionSheet+MKBlockAdditions.m in Sources */,
				9E79B8501964363600559838 /* NSObject+MKBlockAdditions.m in Sources */,
				9E79B8571964363600559838 /* UIImage+Alpha.m in Sources */,
				9E79B8581964363600559838 /* UIImage+Resize.m in Sources */,
				9E79B8521964363600559838 /* UIAlertView+MKBlockAdditions.m in Sources */,
				9E18BC651964B9F0001BEDAE /* ProfileViewController.m in Sources */,
				9E79B802196435AA00559838 /* AppDelegate.m in Sources */,
				9E012429196712160080543B /* SignupPhoneViewController.m in Sources */,
				9E01242C1967121E0080543B /* SignupPhoneVerifyViewController.m in Sources */,
				9E012442196726110080543B /* FriendCell.m in Sources */,
				9E79B8601964389200559838 /* SignupNameViewController.m in Sources */,
				9E79B7FE196435AA00559838 /* main.m in Sources */,
				9E0124261967120B0080543B /* SignupLocationViewController.m in Sources */,
				9E01243419671C5A0080543B /* SignupNetworksViewController.m in Sources */,
				9E79B85D1964382100559838 /* LoginViewController.m in Sources */,
				9E0124121967088D0080543B /* SignupGenderViewController.m in Sources */,
				9E79B84E1964363600559838 /* ALAssetsLibrary+CustomPhotoAlbum.m in Sources */,
				9E79B85A1964363600559838 /* Util.m in Sources */,
			);
			runOnlyForDeploymentPostprocessing = 0;
		};
		9E79B80B196435AA00559838 /* Sources */ = {
			isa = PBXSourcesBuildPhase;
			buildActionMask = 2147483647;
			files = (
				9E79B81D196435AA00559838 /* SEVENTests.m in Sources */,
			);
			runOnlyForDeploymentPostprocessing = 0;
		};
/* End PBXSourcesBuildPhase section */

/* Begin PBXTargetDependency section */
		9E79B815196435AA00559838 /* PBXTargetDependency */ = {
			isa = PBXTargetDependency;
			target = 9E79B7ED196435AA00559838 /* SEVEN */;
			targetProxy = 9E79B814196435AA00559838 /* PBXContainerItemProxy */;
		};
/* End PBXTargetDependency section */

/* Begin PBXVariantGroup section */
		9E79B7FA196435AA00559838 /* InfoPlist.strings */ = {
			isa = PBXVariantGroup;
			children = (
				9E79B7FB196435AA00559838 /* en */,
			);
			name = InfoPlist.strings;
			sourceTree = "<group>";
		};
		9E79B803196435AA00559838 /* Main.storyboard */ = {
			isa = PBXVariantGroup;
			children = (
				9E79B804196435AA00559838 /* Base */,
			);
			name = Main.storyboard;
			sourceTree = "<group>";
		};
		9E79B819196435AA00559838 /* InfoPlist.strings */ = {
			isa = PBXVariantGroup;
			children = (
				9E79B81A196435AA00559838 /* en */,
			);
			name = InfoPlist.strings;
			sourceTree = "<group>";
		};
/* End PBXVariantGroup section */

/* Begin XCBuildConfiguration section */
		9E79B81E196435AA00559838 /* Debug */ = {
			isa = XCBuildConfiguration;
			buildSettings = {
				ALWAYS_SEARCH_USER_PATHS = NO;
				CLANG_CXX_LANGUAGE_STANDARD = "gnu++0x";
				CLANG_CXX_LIBRARY = "libc++";
				CLANG_ENABLE_MODULES = YES;
				CLANG_ENABLE_OBJC_ARC = YES;
				CLANG_WARN_BOOL_CONVERSION = YES;
				CLANG_WARN_CONSTANT_CONVERSION = YES;
				CLANG_WARN_DIRECT_OBJC_ISA_USAGE = YES_ERROR;
				CLANG_WARN_EMPTY_BODY = YES;
				CLANG_WARN_ENUM_CONVERSION = YES;
				CLANG_WARN_INT_CONVERSION = YES;
				CLANG_WARN_OBJC_ROOT_CLASS = YES_ERROR;
				CLANG_WARN__DUPLICATE_METHOD_MATCH = YES;
				"CODE_SIGN_IDENTITY[sdk=iphoneos*]" = "iPhone Developer";
				COPY_PHASE_STRIP = NO;
				GCC_C_LANGUAGE_STANDARD = gnu99;
				GCC_DYNAMIC_NO_PIC = NO;
				GCC_OPTIMIZATION_LEVEL = 0;
				GCC_PREPROCESSOR_DEFINITIONS = (
					"DEBUG=1",
					"$(inherited)",
				);
				GCC_SYMBOLS_PRIVATE_EXTERN = NO;
				GCC_WARN_64_TO_32_BIT_CONVERSION = YES;
				GCC_WARN_ABOUT_RETURN_TYPE = YES_ERROR;
				GCC_WARN_UNDECLARED_SELECTOR = YES;
				GCC_WARN_UNINITIALIZED_AUTOS = YES_AGGRESSIVE;
				GCC_WARN_UNUSED_FUNCTION = YES;
				GCC_WARN_UNUSED_VARIABLE = YES;
				IPHONEOS_DEPLOYMENT_TARGET = 7.1;
				ONLY_ACTIVE_ARCH = YES;
				SDKROOT = iphoneos;
			};
			name = Debug;
		};
		9E79B81F196435AA00559838 /* Release */ = {
			isa = XCBuildConfiguration;
			buildSettings = {
				ALWAYS_SEARCH_USER_PATHS = NO;
				CLANG_CXX_LANGUAGE_STANDARD = "gnu++0x";
				CLANG_CXX_LIBRARY = "libc++";
				CLANG_ENABLE_MODULES = YES;
				CLANG_ENABLE_OBJC_ARC = YES;
				CLANG_WARN_BOOL_CONVERSION = YES;
				CLANG_WARN_CONSTANT_CONVERSION = YES;
				CLANG_WARN_DIRECT_OBJC_ISA_USAGE = YES_ERROR;
				CLANG_WARN_EMPTY_BODY = YES;
				CLANG_WARN_ENUM_CONVERSION = YES;
				CLANG_WARN_INT_CONVERSION = YES;
				CLANG_WARN_OBJC_ROOT_CLASS = YES_ERROR;
				CLANG_WARN__DUPLICATE_METHOD_MATCH = YES;
				"CODE_SIGN_IDENTITY[sdk=iphoneos*]" = "iPhone Developer";
				COPY_PHASE_STRIP = YES;
				ENABLE_NS_ASSERTIONS = NO;
				GCC_C_LANGUAGE_STANDARD = gnu99;
				GCC_WARN_64_TO_32_BIT_CONVERSION = YES;
				GCC_WARN_ABOUT_RETURN_TYPE = YES_ERROR;
				GCC_WARN_UNDECLARED_SELECTOR = YES;
				GCC_WARN_UNINITIALIZED_AUTOS = YES_AGGRESSIVE;
				GCC_WARN_UNUSED_FUNCTION = YES;
				GCC_WARN_UNUSED_VARIABLE = YES;
				IPHONEOS_DEPLOYMENT_TARGET = 7.1;
				SDKROOT = iphoneos;
				VALIDATE_PRODUCT = YES;
			};
			name = Release;
		};
		9E79B821196435AA00559838 /* Debug */ = {
			isa = XCBuildConfiguration;
			buildSettings = {
				ASSETCATALOG_COMPILER_APPICON_NAME = AppIcon;
				ASSETCATALOG_COMPILER_LAUNCHIMAGE_NAME = LaunchImage;
				CODE_SIGN_IDENTITY = "iPhone Developer";
				"CODE_SIGN_IDENTITY[sdk=iphoneos*]" = "iPhone Developer";
				FRAMEWORK_SEARCH_PATHS = (
					"$(inherited)",
					"$(PROJECT_DIR)/SEVEN",
				);
				GCC_PRECOMPILE_PREFIX_HEADER = YES;
				GCC_PREFIX_HEADER = "SEVEN/SEVEN-Prefix.pch";
				INFOPLIST_FILE = "SEVEN/SEVEN-Info.plist";
				PRODUCT_NAME = "$(TARGET_NAME)";
				PROVISIONING_PROFILE = "";
				WRAPPER_EXTENSION = app;
			};
			name = Debug;
		};
		9E79B822196435AA00559838 /* Release */ = {
			isa = XCBuildConfiguration;
			buildSettings = {
				ASSETCATALOG_COMPILER_APPICON_NAME = AppIcon;
				ASSETCATALOG_COMPILER_LAUNCHIMAGE_NAME = LaunchImage;
				CODE_SIGN_IDENTITY = "iPhone Distribution: Bobby Ren (H799H8B8DD)";
				"CODE_SIGN_IDENTITY[sdk=iphoneos*]" = "iPhone Distribution: Bobby Ren (H799H8B8DD)";
				FRAMEWORK_SEARCH_PATHS = (
					"$(inherited)",
					"$(PROJECT_DIR)/SEVEN",
				);
				GCC_PRECOMPILE_PREFIX_HEADER = YES;
				GCC_PREFIX_HEADER = "SEVEN/SEVEN-Prefix.pch";
				INFOPLIST_FILE = "SEVEN/SEVEN-Info.plist";
				PRODUCT_NAME = "$(TARGET_NAME)";
				PROVISIONING_PROFILE = "D775EB52-F55C-40F4-B698-B7DBE613348E";
				WRAPPER_EXTENSION = app;
			};
			name = Release;
		};
		9E79B824196435AA00559838 /* Debug */ = {
			isa = XCBuildConfiguration;
			buildSettings = {
				BUNDLE_LOADER = "$(BUILT_PRODUCTS_DIR)/SEVEN.app/SEVEN";
				FRAMEWORK_SEARCH_PATHS = (
					"$(SDKROOT)/Developer/Library/Frameworks",
					"$(inherited)",
					"$(DEVELOPER_FRAMEWORKS_DIR)",
				);
				GCC_PRECOMPILE_PREFIX_HEADER = YES;
				GCC_PREFIX_HEADER = "SEVEN/SEVEN-Prefix.pch";
				GCC_PREPROCESSOR_DEFINITIONS = (
					"DEBUG=1",
					"$(inherited)",
				);
				INFOPLIST_FILE = "SEVENTests/SEVENTests-Info.plist";
				PRODUCT_NAME = "$(TARGET_NAME)";
				TEST_HOST = "$(BUNDLE_LOADER)";
				WRAPPER_EXTENSION = xctest;
			};
			name = Debug;
		};
		9E79B825196435AA00559838 /* Release */ = {
			isa = XCBuildConfiguration;
			buildSettings = {
				BUNDLE_LOADER = "$(BUILT_PRODUCTS_DIR)/SEVEN.app/SEVEN";
				FRAMEWORK_SEARCH_PATHS = (
					"$(SDKROOT)/Developer/Library/Frameworks",
					"$(inherited)",
					"$(DEVELOPER_FRAMEWORKS_DIR)",
				);
				GCC_PRECOMPILE_PREFIX_HEADER = YES;
				GCC_PREFIX_HEADER = "SEVEN/SEVEN-Prefix.pch";
				INFOPLIST_FILE = "SEVENTests/SEVENTests-Info.plist";
				PRODUCT_NAME = "$(TARGET_NAME)";
				TEST_HOST = "$(BUNDLE_LOADER)";
				WRAPPER_EXTENSION = xctest;
			};
			name = Release;
		};
/* End XCBuildConfiguration section */

/* Begin XCConfigurationList section */
		9E79B7E9196435AA00559838 /* Build configuration list for PBXProject "SEVEN" */ = {
			isa = XCConfigurationList;
			buildConfigurations = (
				9E79B81E196435AA00559838 /* Debug */,
				9E79B81F196435AA00559838 /* Release */,
			);
			defaultConfigurationIsVisible = 0;
			defaultConfigurationName = Release;
		};
		9E79B820196435AA00559838 /* Build configuration list for PBXNativeTarget "SEVEN" */ = {
			isa = XCConfigurationList;
			buildConfigurations = (
				9E79B821196435AA00559838 /* Debug */,
				9E79B822196435AA00559838 /* Release */,
			);
			defaultConfigurationIsVisible = 0;
			defaultConfigurationName = Release;
		};
		9E79B823196435AA00559838 /* Build configuration list for PBXNativeTarget "SEVENTests" */ = {
			isa = XCConfigurationList;
			buildConfigurations = (
				9E79B824196435AA00559838 /* Debug */,
				9E79B825196435AA00559838 /* Release */,
			);
			defaultConfigurationIsVisible = 0;
			defaultConfigurationName = Release;
		};
/* End XCConfigurationList section */
	};
	rootObject = 9E79B7E6196435AA00559838 /* Project object */;
}
