// !$*UTF8*$!
{
	archiveVersion = 1;
	classes = {
	};
	objectVersion = 46;
	objects = {

/* Begin PBXBuildFile section */
		4B88438186A14653A77F5354 /* libPods.a in Frameworks */ = {isa = PBXBuildFile; fileRef = F6043D75BAC44FD79985E431 /* libPods.a */; };
		9E01242E196717490080543B /* MapKit.framework in Frameworks */ = {isa = PBXBuildFile; fileRef = 9E01242D196717490080543B /* MapKit.framework */; };
		9E01243119671B040080543B /* CommonStyledViewController.m in Sources */ = {isa = PBXBuildFile; fileRef = 9E01243019671B040080543B /* CommonStyledViewController.m */; };
		9E10602F19D8BE3E0059E382 /* VideoPlayerView.m in Sources */ = {isa = PBXBuildFile; fileRef = 9E10602C19D8BE3E0059E382 /* VideoPlayerView.m */; };
		9E10603019D8BE3E0059E382 /* VideoPlayerViewController.m in Sources */ = {isa = PBXBuildFile; fileRef = 9E10602E19D8BE3E0059E382 /* VideoPlayerViewController.m */; };
		9E23769D1981537F007ED7D8 /* IntroViewController.m in Sources */ = {isa = PBXBuildFile; fileRef = 9E23769C1981537F007ED7D8 /* IntroViewController.m */; };
		9E23769F1981548D007ED7D8 /* MediaPlayer.framework in Frameworks */ = {isa = PBXBuildFile; fileRef = 9E23769E1981548D007ED7D8 /* MediaPlayer.framework */; };
		9E2376A719815827007ED7D8 /* SEVEN_IntroVideo_V01.mp4 in Resources */ = {isa = PBXBuildFile; fileRef = 9E2376A619815827007ED7D8 /* SEVEN_IntroVideo_V01.mp4 */; };
		9E2376AB19815842007ED7D8 /* SEVEN_IntroVideo_V02.mp4 in Resources */ = {isa = PBXBuildFile; fileRef = 9E2376A819815841007ED7D8 /* SEVEN_IntroVideo_V02.mp4 */; };
		9E2376AC19815842007ED7D8 /* SEVEN_IntroVideo_V03.mp4 in Resources */ = {isa = PBXBuildFile; fileRef = 9E2376A919815842007ED7D8 /* SEVEN_IntroVideo_V03.mp4 */; };
		9E2376AD19815842007ED7D8 /* SEVEN_ProfileSample_002.mp4 in Resources */ = {isa = PBXBuildFile; fileRef = 9E2376AA19815842007ED7D8 /* SEVEN_ProfileSample_002.mp4 */; };
		9E3DCD3C199E1C0F00E1C09D /* ProfileDescriptionView.m in Sources */ = {isa = PBXBuildFile; fileRef = 9E3DCD3B199E1C0F00E1C09D /* ProfileDescriptionView.m */; };
		9E3DCD3E199E1C5B00E1C09D /* ProfileDescriptionView.xib in Resources */ = {isa = PBXBuildFile; fileRef = 9E3DCD3D199E1C5B00E1C09D /* ProfileDescriptionView.xib */; };
		9E3DCD40199E1EB500E1C09D /* location@2x.png in Resources */ = {isa = PBXBuildFile; fileRef = 9E3DCD3F199E1EB500E1C09D /* location@2x.png */; };
		9E3E24F41986670100870666 /* EffectsUtils.m in Sources */ = {isa = PBXBuildFile; fileRef = 9E3E24F31986670100870666 /* EffectsUtils.m */; };
		9E3E24F7198670B000870666 /* VideoProgressIndicator.m in Sources */ = {isa = PBXBuildFile; fileRef = 9E3E24F6198670B000870666 /* VideoProgressIndicator.m */; };
		9E3E24FA1986879500870666 /* ProfileVideoPreviewViewController.m in Sources */ = {isa = PBXBuildFile; fileRef = 9E3E24F91986879500870666 /* ProfileVideoPreviewViewController.m */; };
		9E3E24FD19869FB200870666 /* seven_icon_back_white@2x.png in Resources */ = {isa = PBXBuildFile; fileRef = 9E3E24FB19869FB200870666 /* seven_icon_back_white@2x.png */; };
		9E3E24FE19869FB200870666 /* seven_icon_close_white@2x.png in Resources */ = {isa = PBXBuildFile; fileRef = 9E3E24FC19869FB200870666 /* seven_icon_close_white@2x.png */; };
		9E3E25041987F85E00870666 /* BRCameraViewController.m in Sources */ = {isa = PBXBuildFile; fileRef = 9E3E25031987F85E00870666 /* BRCameraViewController.m */; };
		9E3E25061988139C00870666 /* rotateCamera@2x.png in Resources */ = {isa = PBXBuildFile; fileRef = 9E3E25051988139C00870666 /* rotateCamera@2x.png */; };
		9E729280199504EF006A2AC1 /* ProfileScrollViewController.m in Sources */ = {isa = PBXBuildFile; fileRef = 9E72927F199504EF006A2AC1 /* ProfileScrollViewController.m */; };
		9E72928819950A6B006A2AC1 /* PagedFlowLayout.m in Sources */ = {isa = PBXBuildFile; fileRef = 9E72928719950A6B006A2AC1 /* PagedFlowLayout.m */; };
		9E72928B19952E8A006A2AC1 /* ShellViewController.m in Sources */ = {isa = PBXBuildFile; fileRef = 9E72928A19952E8A006A2AC1 /* ShellViewController.m */; };
		9E79B7F2196435AA00559838 /* Foundation.framework in Frameworks */ = {isa = PBXBuildFile; fileRef = 9E79B7F1196435AA00559838 /* Foundation.framework */; };
		9E79B7F4196435AA00559838 /* CoreGraphics.framework in Frameworks */ = {isa = PBXBuildFile; fileRef = 9E79B7F3196435AA00559838 /* CoreGraphics.framework */; };
		9E79B7F6196435AA00559838 /* UIKit.framework in Frameworks */ = {isa = PBXBuildFile; fileRef = 9E79B7F5196435AA00559838 /* UIKit.framework */; };
		9E79B7FC196435AA00559838 /* InfoPlist.strings in Resources */ = {isa = PBXBuildFile; fileRef = 9E79B7FA196435AA00559838 /* InfoPlist.strings */; };
		9E79B7FE196435AA00559838 /* main.m in Sources */ = {isa = PBXBuildFile; fileRef = 9E79B7FD196435AA00559838 /* main.m */; };
		9E79B802196435AA00559838 /* AppDelegate.m in Sources */ = {isa = PBXBuildFile; fileRef = 9E79B801196435AA00559838 /* AppDelegate.m */; };
		9E79B805196435AA00559838 /* Main.storyboard in Resources */ = {isa = PBXBuildFile; fileRef = 9E79B803196435AA00559838 /* Main.storyboard */; };
		9E79B808196435AA00559838 /* ViewController.m in Sources */ = {isa = PBXBuildFile; fileRef = 9E79B807196435AA00559838 /* ViewController.m */; };
		9E79B80A196435AA00559838 /* Images.xcassets in Resources */ = {isa = PBXBuildFile; fileRef = 9E79B809196435AA00559838 /* Images.xcassets */; };
		9E79B811196435AA00559838 /* XCTest.framework in Frameworks */ = {isa = PBXBuildFile; fileRef = 9E79B810196435AA00559838 /* XCTest.framework */; };
		9E79B812196435AA00559838 /* Foundation.framework in Frameworks */ = {isa = PBXBuildFile; fileRef = 9E79B7F1196435AA00559838 /* Foundation.framework */; };
		9E79B813196435AA00559838 /* UIKit.framework in Frameworks */ = {isa = PBXBuildFile; fileRef = 9E79B7F5196435AA00559838 /* UIKit.framework */; };
		9E79B81B196435AA00559838 /* InfoPlist.strings in Resources */ = {isa = PBXBuildFile; fileRef = 9E79B819196435AA00559838 /* InfoPlist.strings */; };
		9E79B81D196435AA00559838 /* SEVENTests.m in Sources */ = {isa = PBXBuildFile; fileRef = 9E79B81C196435AA00559838 /* SEVENTests.m */; };
		9E79B82F1964362400559838 /* ParseBase.m in Sources */ = {isa = PBXBuildFile; fileRef = 9E79B82C1964362400559838 /* ParseBase.m */; };
		9E79B84E1964363600559838 /* ALAssetsLibrary+CustomPhotoAlbum.m in Sources */ = {isa = PBXBuildFile; fileRef = 9E79B8331964363600559838 /* ALAssetsLibrary+CustomPhotoAlbum.m */; settings = {COMPILER_FLAGS = "-fno-objc-arc"; }; };
		9E79B84F1964363600559838 /* GPLocationHelper.m in Sources */ = {isa = PBXBuildFile; fileRef = 9E79B8351964363600559838 /* GPLocationHelper.m */; };
		9E79B8501964363600559838 /* NSObject+MKBlockAdditions.m in Sources */ = {isa = PBXBuildFile; fileRef = 9E79B8391964363600559838 /* NSObject+MKBlockAdditions.m */; settings = {COMPILER_FLAGS = "-fno-objc-arc"; }; };
		9E79B8511964363600559838 /* UIActionSheet+MKBlockAdditions.m in Sources */ = {isa = PBXBuildFile; fileRef = 9E79B83B1964363600559838 /* UIActionSheet+MKBlockAdditions.m */; settings = {COMPILER_FLAGS = "-fno-objc-arc"; }; };
		9E79B8521964363600559838 /* UIAlertView+MKBlockAdditions.m in Sources */ = {isa = PBXBuildFile; fileRef = 9E79B83D1964363600559838 /* UIAlertView+MKBlockAdditions.m */; settings = {COMPILER_FLAGS = "-fno-objc-arc"; }; };
		9E79B8551964363600559838 /* NSObject+Notify.m in Sources */ = {isa = PBXBuildFile; fileRef = 9E79B8431964363600559838 /* NSObject+Notify.m */; };
		9E79B8571964363600559838 /* UIImage+Alpha.m in Sources */ = {isa = PBXBuildFile; fileRef = 9E79B8471964363600559838 /* UIImage+Alpha.m */; };
		9E79B8581964363600559838 /* UIImage+Resize.m in Sources */ = {isa = PBXBuildFile; fileRef = 9E79B8491964363600559838 /* UIImage+Resize.m */; };
		9E79B8591964363600559838 /* UIImage+RoundedCorner.m in Sources */ = {isa = PBXBuildFile; fileRef = 9E79B84B1964363600559838 /* UIImage+RoundedCorner.m */; settings = {COMPILER_FLAGS = "-fno-objc-arc"; }; };
		9E79B85A1964363600559838 /* Util.m in Sources */ = {isa = PBXBuildFile; fileRef = 9E79B84D1964363600559838 /* Util.m */; };
		9E79B86219643AF200559838 /* AudioToolbox.framework in Frameworks */ = {isa = PBXBuildFile; fileRef = 9E79B86119643AF200559838 /* AudioToolbox.framework */; };
		9E79B86419643AF900559838 /* CFNetwork.framework in Frameworks */ = {isa = PBXBuildFile; fileRef = 9E79B86319643AF900559838 /* CFNetwork.framework */; };
		9E79B86619643AFE00559838 /* CoreLocation.framework in Frameworks */ = {isa = PBXBuildFile; fileRef = 9E79B86519643AFE00559838 /* CoreLocation.framework */; };
		9E79B86A19643B0A00559838 /* MobileCoreServices.framework in Frameworks */ = {isa = PBXBuildFile; fileRef = 9E79B86919643B0A00559838 /* MobileCoreServices.framework */; };
		9E79B86C19643B1100559838 /* QuartzCore.framework in Frameworks */ = {isa = PBXBuildFile; fileRef = 9E79B86B19643B1100559838 /* QuartzCore.framework */; };
		9E79B86E19643B1600559838 /* Security.framework in Frameworks */ = {isa = PBXBuildFile; fileRef = 9E79B86D19643B1600559838 /* Security.framework */; };
		9E79B87019643B1900559838 /* StoreKit.framework in Frameworks */ = {isa = PBXBuildFile; fileRef = 9E79B86F19643B1900559838 /* StoreKit.framework */; };
		9E79B87219643B2100559838 /* SystemConfiguration.framework in Frameworks */ = {isa = PBXBuildFile; fileRef = 9E79B87119643B2100559838 /* SystemConfiguration.framework */; };
		9E82C4CE196C35CA0073D7D1 /* AddressBook.framework in Frameworks */ = {isa = PBXBuildFile; fileRef = 9E82C4CD196C35CA0073D7D1 /* AddressBook.framework */; };
		9E973AF819884F3F00142E6C /* TraitSelectorViewController.m in Sources */ = {isa = PBXBuildFile; fileRef = 9E973AF719884F3F00142E6C /* TraitSelectorViewController.m */; };
		9E973AFC1989572800142E6C /* BackgroundHelper.m in Sources */ = {isa = PBXBuildFile; fileRef = 9E973AFB1989572800142E6C /* BackgroundHelper.m */; };
		9EA4791A1993D777007587CC /* ProfileViewController.m in Sources */ = {isa = PBXBuildFile; fileRef = 9EA479191993D777007587CC /* ProfileViewController.m */; };
		9EA7931B1985F19300C8A0C9 /* seven_icon_facebook_white@2x.png in Resources */ = {isa = PBXBuildFile; fileRef = 9EA793191985F19300C8A0C9 /* seven_icon_facebook_white@2x.png */; };
		9EA7931C1985F19300C8A0C9 /* seven_icon_logo_white@2x.png in Resources */ = {isa = PBXBuildFile; fileRef = 9EA7931A1985F19300C8A0C9 /* seven_icon_logo_white@2x.png */; };
		9EB1D029198FEFDD00065AB0 /* LookingForViewController.m in Sources */ = {isa = PBXBuildFile; fileRef = 9EB1D028198FEFDD00065AB0 /* LookingForViewController.m */; };
		9EC3B593199D0BB90024F3BD /* uparrow_white@2x.png in Resources */ = {isa = PBXBuildFile; fileRef = 9EC3B58F199D0BB90024F3BD /* uparrow_white@2x.png */; };
		9EC3B594199D0BB90024F3BD /* degrees_white@2x.png in Resources */ = {isa = PBXBuildFile; fileRef = 9EC3B590199D0BB90024F3BD /* degrees_white@2x.png */; };
		9EC3B595199D0BB90024F3BD /* message_white@2x.png in Resources */ = {isa = PBXBuildFile; fileRef = 9EC3B591199D0BB90024F3BD /* message_white@2x.png */; };
		9EC3B596199D0BB90024F3BD /* menu_white@2x.png in Resources */ = {isa = PBXBuildFile; fileRef = 9EC3B592199D0BB90024F3BD /* menu_white@2x.png */; };
		9EC9CF01196D5B1100EAF3D9 /* FacebookHelper.m in Sources */ = {isa = PBXBuildFile; fileRef = 9EC9CF00196D5B1100EAF3D9 /* FacebookHelper.m */; };
		9EEB9C2E198D184C0031B4AF /* TraitSelectorCell.m in Sources */ = {isa = PBXBuildFile; fileRef = 9EEB9C2D198D184C0031B4AF /* TraitSelectorCell.m */; };
		9EEB9C31198D22A40031B4AF /* seven_icon_confirm_white@2x.png in Resources */ = {isa = PBXBuildFile; fileRef = 9EEB9C2F198D22A40031B4AF /* seven_icon_confirm_white@2x.png */; };
		9EEB9C32198D22A40031B4AF /* seven_icon_checklistconfirm_white@2x.png in Resources */ = {isa = PBXBuildFile; fileRef = 9EEB9C30198D22A40031B4AF /* seven_icon_checklistconfirm_white@2x.png */; };
		9EEB9C35198D58370031B4AF /* TraitAdjustorCell.m in Sources */ = {isa = PBXBuildFile; fileRef = 9EEB9C34198D58370031B4AF /* TraitAdjustorCell.m */; };
		9EEBB8611985B1B10023CE0F /* CreateProfileViewController.m in Sources */ = {isa = PBXBuildFile; fileRef = 9EEBB8601985B1B10023CE0F /* CreateProfileViewController.m */; };
		9EEBB8641985B34B0023CE0F /* ModalSlideFromRightTransitionSegue.m in Sources */ = {isa = PBXBuildFile; fileRef = 9EEBB8631985B34B0023CE0F /* ModalSlideFromRightTransitionSegue.m */; };
		9EEBF33F198CFD27005ED301 /* FacebookSDK.framework in Frameworks */ = {isa = PBXBuildFile; fileRef = 9EEBF33E198CFD27005ED301 /* FacebookSDK.framework */; };
		9EEBF343198D0EE2005ED301 /* GothamHTF-Book.otf in Resources */ = {isa = PBXBuildFile; fileRef = 9EEBF341198D0EE2005ED301 /* GothamHTF-Book.otf */; };
		9EEBF344198D0EE2005ED301 /* GothamHTF-Medium.otf in Resources */ = {isa = PBXBuildFile; fileRef = 9EEBF342198D0EE2005ED301 /* GothamHTF-Medium.otf */; };
		9EFED232199E478500937F0F /* libz.dylib in Frameworks */ = {isa = PBXBuildFile; fileRef = 9E79B86719643B0300559838 /* libz.dylib */; };
		9EFED236199E47BA00937F0F /* Parse.framework in Frameworks */ = {isa = PBXBuildFile; fileRef = 9EFED235199E47BA00937F0F /* Parse.framework */; };
		9EFED238199E48C700937F0F /* Social.framework in Frameworks */ = {isa = PBXBuildFile; fileRef = 9EFED237199E48C700937F0F /* Social.framework */; };
/* End PBXBuildFile section */

/* Begin PBXContainerItemProxy section */
		9E79B814196435AA00559838 /* PBXContainerItemProxy */ = {
			isa = PBXContainerItemProxy;
			containerPortal = 9E79B7E6196435AA00559838 /* Project object */;
			proxyType = 1;
			remoteGlobalIDString = 9E79B7ED196435AA00559838;
			remoteInfo = SEVEN;
		};
/* End PBXContainerItemProxy section */

/* Begin PBXFileReference section */
		9E0124081966FCDA0080543B /* Constants.h */ = {isa = PBXFileReference; lastKnownFileType = sourcecode.c.h; path = Constants.h; sourceTree = "<group>"; };
		9E01242D196717490080543B /* MapKit.framework */ = {isa = PBXFileReference; lastKnownFileType = wrapper.framework; name = MapKit.framework; path = System/Library/Frameworks/MapKit.framework; sourceTree = SDKROOT; };
		9E01242F19671B040080543B /* CommonStyledViewController.h */ = {isa = PBXFileReference; fileEncoding = 4; lastKnownFileType = sourcecode.c.h; path = CommonStyledViewController.h; sourceTree = "<group>"; };
		9E01243019671B040080543B /* CommonStyledViewController.m */ = {isa = PBXFileReference; fileEncoding = 4; lastKnownFileType = sourcecode.c.objc; path = CommonStyledViewController.m; sourceTree = "<group>"; };
		9E10602B19D8BE3E0059E382 /* VideoPlayerView.h */ = {isa = PBXFileReference; fileEncoding = 4; lastKnownFileType = sourcecode.c.h; path = VideoPlayerView.h; sourceTree = "<group>"; };
		9E10602C19D8BE3E0059E382 /* VideoPlayerView.m */ = {isa = PBXFileReference; fileEncoding = 4; lastKnownFileType = sourcecode.c.objc; path = VideoPlayerView.m; sourceTree = "<group>"; };
		9E10602D19D8BE3E0059E382 /* VideoPlayerViewController.h */ = {isa = PBXFileReference; fileEncoding = 4; lastKnownFileType = sourcecode.c.h; path = VideoPlayerViewController.h; sourceTree = "<group>"; };
		9E10602E19D8BE3E0059E382 /* VideoPlayerViewController.m */ = {isa = PBXFileReference; fileEncoding = 4; lastKnownFileType = sourcecode.c.objc; path = VideoPlayerViewController.m; sourceTree = "<group>"; };
		9E23769B1981537F007ED7D8 /* IntroViewController.h */ = {isa = PBXFileReference; fileEncoding = 4; lastKnownFileType = sourcecode.c.h; path = IntroViewController.h; sourceTree = "<group>"; };
		9E23769C1981537F007ED7D8 /* IntroViewController.m */ = {isa = PBXFileReference; fileEncoding = 4; lastKnownFileType = sourcecode.c.objc; path = IntroViewController.m; sourceTree = "<group>"; };
		9E23769E1981548D007ED7D8 /* MediaPlayer.framework */ = {isa = PBXFileReference; lastKnownFileType = wrapper.framework; name = MediaPlayer.framework; path = System/Library/Frameworks/MediaPlayer.framework; sourceTree = SDKROOT; };
		9E2376A619815827007ED7D8 /* SEVEN_IntroVideo_V01.mp4 */ = {isa = PBXFileReference; lastKnownFileType = file; path = SEVEN_IntroVideo_V01.mp4; sourceTree = "<group>"; };
		9E2376A819815841007ED7D8 /* SEVEN_IntroVideo_V02.mp4 */ = {isa = PBXFileReference; lastKnownFileType = file; path = SEVEN_IntroVideo_V02.mp4; sourceTree = "<group>"; };
		9E2376A919815842007ED7D8 /* SEVEN_IntroVideo_V03.mp4 */ = {isa = PBXFileReference; lastKnownFileType = file; path = SEVEN_IntroVideo_V03.mp4; sourceTree = "<group>"; };
		9E2376AA19815842007ED7D8 /* SEVEN_ProfileSample_002.mp4 */ = {isa = PBXFileReference; lastKnownFileType = file; path = SEVEN_ProfileSample_002.mp4; sourceTree = "<group>"; };
		9E3DCD3A199E1C0F00E1C09D /* ProfileDescriptionView.h */ = {isa = PBXFileReference; fileEncoding = 4; lastKnownFileType = sourcecode.c.h; path = ProfileDescriptionView.h; sourceTree = "<group>"; };
		9E3DCD3B199E1C0F00E1C09D /* ProfileDescriptionView.m */ = {isa = PBXFileReference; fileEncoding = 4; lastKnownFileType = sourcecode.c.objc; path = ProfileDescriptionView.m; sourceTree = "<group>"; };
		9E3DCD3D199E1C5B00E1C09D /* ProfileDescriptionView.xib */ = {isa = PBXFileReference; fileEncoding = 4; lastKnownFileType = file.xib; path = ProfileDescriptionView.xib; sourceTree = "<group>"; };
		9E3DCD3F199E1EB500E1C09D /* location@2x.png */ = {isa = PBXFileReference; lastKnownFileType = image.png; path = "location@2x.png"; sourceTree = "<group>"; };
		9E3E24F21986670100870666 /* EffectsUtils.h */ = {isa = PBXFileReference; fileEncoding = 4; lastKnownFileType = sourcecode.c.h; path = EffectsUtils.h; sourceTree = "<group>"; };
		9E3E24F31986670100870666 /* EffectsUtils.m */ = {isa = PBXFileReference; fileEncoding = 4; lastKnownFileType = sourcecode.c.objc; path = EffectsUtils.m; sourceTree = "<group>"; };
		9E3E24F5198670B000870666 /* VideoProgressIndicator.h */ = {isa = PBXFileReference; fileEncoding = 4; lastKnownFileType = sourcecode.c.h; path = VideoProgressIndicator.h; sourceTree = "<group>"; };
		9E3E24F6198670B000870666 /* VideoProgressIndicator.m */ = {isa = PBXFileReference; fileEncoding = 4; lastKnownFileType = sourcecode.c.objc; path = VideoProgressIndicator.m; sourceTree = "<group>"; };
		9E3E24F81986879500870666 /* ProfileVideoPreviewViewController.h */ = {isa = PBXFileReference; fileEncoding = 4; lastKnownFileType = sourcecode.c.h; path = ProfileVideoPreviewViewController.h; sourceTree = "<group>"; };
		9E3E24F91986879500870666 /* ProfileVideoPreviewViewController.m */ = {isa = PBXFileReference; fileEncoding = 4; lastKnownFileType = sourcecode.c.objc; path = ProfileVideoPreviewViewController.m; sourceTree = "<group>"; };
		9E3E24FB19869FB200870666 /* seven_icon_back_white@2x.png */ = {isa = PBXFileReference; lastKnownFileType = image.png; path = "seven_icon_back_white@2x.png"; sourceTree = "<group>"; };
		9E3E24FC19869FB200870666 /* seven_icon_close_white@2x.png */ = {isa = PBXFileReference; lastKnownFileType = image.png; path = "seven_icon_close_white@2x.png"; sourceTree = "<group>"; };
		9E3E25021987F85E00870666 /* BRCameraViewController.h */ = {isa = PBXFileReference; fileEncoding = 4; lastKnownFileType = sourcecode.c.h; path = BRCameraViewController.h; sourceTree = "<group>"; };
		9E3E25031987F85E00870666 /* BRCameraViewController.m */ = {isa = PBXFileReference; fileEncoding = 4; lastKnownFileType = sourcecode.c.objc; path = BRCameraViewController.m; sourceTree = "<group>"; };
		9E3E25051988139C00870666 /* rotateCamera@2x.png */ = {isa = PBXFileReference; lastKnownFileType = image.png; path = "rotateCamera@2x.png"; sourceTree = "<group>"; };
		9E72927E199504EF006A2AC1 /* ProfileScrollViewController.h */ = {isa = PBXFileReference; fileEncoding = 4; lastKnownFileType = sourcecode.c.h; path = ProfileScrollViewController.h; sourceTree = "<group>"; };
		9E72927F199504EF006A2AC1 /* ProfileScrollViewController.m */ = {isa = PBXFileReference; fileEncoding = 4; lastKnownFileType = sourcecode.c.objc; path = ProfileScrollViewController.m; sourceTree = "<group>"; };
		9E72928619950A6B006A2AC1 /* PagedFlowLayout.h */ = {isa = PBXFileReference; fileEncoding = 4; lastKnownFileType = sourcecode.c.h; path = PagedFlowLayout.h; sourceTree = "<group>"; };
		9E72928719950A6B006A2AC1 /* PagedFlowLayout.m */ = {isa = PBXFileReference; fileEncoding = 4; lastKnownFileType = sourcecode.c.objc; path = PagedFlowLayout.m; sourceTree = "<group>"; };
		9E72928919952E8A006A2AC1 /* ShellViewController.h */ = {isa = PBXFileReference; fileEncoding = 4; lastKnownFileType = sourcecode.c.h; path = ShellViewController.h; sourceTree = "<group>"; };
		9E72928A19952E8A006A2AC1 /* ShellViewController.m */ = {isa = PBXFileReference; fileEncoding = 4; lastKnownFileType = sourcecode.c.objc; path = ShellViewController.m; sourceTree = "<group>"; };
		9E72928C199530FA006A2AC1 /* ProfileScrollProtocol.h */ = {isa = PBXFileReference; lastKnownFileType = sourcecode.c.h; path = ProfileScrollProtocol.h; sourceTree = "<group>"; };
		9E79B7EE196435AA00559838 /* SEVEN.app */ = {isa = PBXFileReference; explicitFileType = wrapper.application; includeInIndex = 0; path = SEVEN.app; sourceTree = BUILT_PRODUCTS_DIR; };
		9E79B7F1196435AA00559838 /* Foundation.framework */ = {isa = PBXFileReference; lastKnownFileType = wrapper.framework; name = Foundation.framework; path = System/Library/Frameworks/Foundation.framework; sourceTree = SDKROOT; };
		9E79B7F3196435AA00559838 /* CoreGraphics.framework */ = {isa = PBXFileReference; lastKnownFileType = wrapper.framework; name = CoreGraphics.framework; path = System/Library/Frameworks/CoreGraphics.framework; sourceTree = SDKROOT; };
		9E79B7F5196435AA00559838 /* UIKit.framework */ = {isa = PBXFileReference; lastKnownFileType = wrapper.framework; name = UIKit.framework; path = System/Library/Frameworks/UIKit.framework; sourceTree = SDKROOT; };
		9E79B7F9196435AA00559838 /* SEVEN-Info.plist */ = {isa = PBXFileReference; lastKnownFileType = text.plist.xml; path = "SEVEN-Info.plist"; sourceTree = "<group>"; };
		9E79B7FB196435AA00559838 /* en */ = {isa = PBXFileReference; lastKnownFileType = text.plist.strings; name = en; path = en.lproj/InfoPlist.strings; sourceTree = "<group>"; };
		9E79B7FD196435AA00559838 /* main.m */ = {isa = PBXFileReference; lastKnownFileType = sourcecode.c.objc; path = main.m; sourceTree = "<group>"; };
		9E79B7FF196435AA00559838 /* SEVEN-Prefix.pch */ = {isa = PBXFileReference; lastKnownFileType = sourcecode.c.h; path = "SEVEN-Prefix.pch"; sourceTree = "<group>"; };
		9E79B800196435AA00559838 /* AppDelegate.h */ = {isa = PBXFileReference; lastKnownFileType = sourcecode.c.h; path = AppDelegate.h; sourceTree = "<group>"; };
		9E79B801196435AA00559838 /* AppDelegate.m */ = {isa = PBXFileReference; lastKnownFileType = sourcecode.c.objc; path = AppDelegate.m; sourceTree = "<group>"; };
		9E79B804196435AA00559838 /* Base */ = {isa = PBXFileReference; lastKnownFileType = file.storyboard; name = Base; path = Base.lproj/Main.storyboard; sourceTree = "<group>"; };
		9E79B806196435AA00559838 /* ViewController.h */ = {isa = PBXFileReference; lastKnownFileType = sourcecode.c.h; path = ViewController.h; sourceTree = "<group>"; };
		9E79B807196435AA00559838 /* ViewController.m */ = {isa = PBXFileReference; lastKnownFileType = sourcecode.c.objc; path = ViewController.m; sourceTree = "<group>"; };
		9E79B809196435AA00559838 /* Images.xcassets */ = {isa = PBXFileReference; lastKnownFileType = folder.assetcatalog; path = Images.xcassets; sourceTree = "<group>"; };
		9E79B80F196435AA00559838 /* SEVENTests.xctest */ = {isa = PBXFileReference; explicitFileType = wrapper.cfbundle; includeInIndex = 0; path = SEVENTests.xctest; sourceTree = BUILT_PRODUCTS_DIR; };
		9E79B810196435AA00559838 /* XCTest.framework */ = {isa = PBXFileReference; lastKnownFileType = wrapper.framework; name = XCTest.framework; path = Library/Frameworks/XCTest.framework; sourceTree = DEVELOPER_DIR; };
		9E79B818196435AA00559838 /* SEVENTests-Info.plist */ = {isa = PBXFileReference; lastKnownFileType = text.plist.xml; path = "SEVENTests-Info.plist"; sourceTree = "<group>"; };
		9E79B81A196435AA00559838 /* en */ = {isa = PBXFileReference; lastKnownFileType = text.plist.strings; name = en; path = en.lproj/InfoPlist.strings; sourceTree = "<group>"; };
		9E79B81C196435AA00559838 /* SEVENTests.m */ = {isa = PBXFileReference; lastKnownFileType = sourcecode.c.objc; path = SEVENTests.m; sourceTree = "<group>"; };
		9E79B828196435F700559838 /* PFObjectFactory.h */ = {isa = PBXFileReference; lastKnownFileType = sourcecode.c.h; path = PFObjectFactory.h; sourceTree = "<group>"; };
		9E79B82B1964362400559838 /* ParseBase.h */ = {isa = PBXFileReference; fileEncoding = 4; lastKnownFileType = sourcecode.c.h; path = ParseBase.h; sourceTree = "<group>"; };
		9E79B82C1964362400559838 /* ParseBase.m */ = {isa = PBXFileReference; fileEncoding = 4; lastKnownFileType = sourcecode.c.objc; path = ParseBase.m; sourceTree = "<group>"; };
		9E79B8321964363600559838 /* ALAssetsLibrary+CustomPhotoAlbum.h */ = {isa = PBXFileReference; fileEncoding = 4; lastKnownFileType = sourcecode.c.h; path = "ALAssetsLibrary+CustomPhotoAlbum.h"; sourceTree = "<group>"; };
		9E79B8331964363600559838 /* ALAssetsLibrary+CustomPhotoAlbum.m */ = {isa = PBXFileReference; fileEncoding = 4; lastKnownFileType = sourcecode.c.objc; path = "ALAssetsLibrary+CustomPhotoAlbum.m"; sourceTree = "<group>"; };
		9E79B8341964363600559838 /* GPLocationHelper.h */ = {isa = PBXFileReference; fileEncoding = 4; lastKnownFileType = sourcecode.c.h; path = GPLocationHelper.h; sourceTree = "<group>"; };
		9E79B8351964363600559838 /* GPLocationHelper.m */ = {isa = PBXFileReference; fileEncoding = 4; lastKnownFileType = sourcecode.c.objc; path = GPLocationHelper.m; sourceTree = "<group>"; };
		9E79B8371964363600559838 /* MKBlockAdditions.h */ = {isa = PBXFileReference; fileEncoding = 4; lastKnownFileType = sourcecode.c.h; path = MKBlockAdditions.h; sourceTree = "<group>"; };
		9E79B8381964363600559838 /* NSObject+MKBlockAdditions.h */ = {isa = PBXFileReference; fileEncoding = 4; lastKnownFileType = sourcecode.c.h; path = "NSObject+MKBlockAdditions.h"; sourceTree = "<group>"; };
		9E79B8391964363600559838 /* NSObject+MKBlockAdditions.m */ = {isa = PBXFileReference; fileEncoding = 4; lastKnownFileType = sourcecode.c.objc; path = "NSObject+MKBlockAdditions.m"; sourceTree = "<group>"; };
		9E79B83A1964363600559838 /* UIActionSheet+MKBlockAdditions.h */ = {isa = PBXFileReference; fileEncoding = 4; lastKnownFileType = sourcecode.c.h; path = "UIActionSheet+MKBlockAdditions.h"; sourceTree = "<group>"; };
		9E79B83B1964363600559838 /* UIActionSheet+MKBlockAdditions.m */ = {isa = PBXFileReference; fileEncoding = 4; lastKnownFileType = sourcecode.c.objc; path = "UIActionSheet+MKBlockAdditions.m"; sourceTree = "<group>"; };
		9E79B83C1964363600559838 /* UIAlertView+MKBlockAdditions.h */ = {isa = PBXFileReference; fileEncoding = 4; lastKnownFileType = sourcecode.c.h; path = "UIAlertView+MKBlockAdditions.h"; sourceTree = "<group>"; };
		9E79B83D1964363600559838 /* UIAlertView+MKBlockAdditions.m */ = {isa = PBXFileReference; fileEncoding = 4; lastKnownFileType = sourcecode.c.objc; path = "UIAlertView+MKBlockAdditions.m"; sourceTree = "<group>"; };
		9E79B8421964363600559838 /* NSObject+Notify.h */ = {isa = PBXFileReference; fileEncoding = 4; lastKnownFileType = sourcecode.c.h; path = "NSObject+Notify.h"; sourceTree = "<group>"; };
		9E79B8431964363600559838 /* NSObject+Notify.m */ = {isa = PBXFileReference; fileEncoding = 4; lastKnownFileType = sourcecode.c.objc; path = "NSObject+Notify.m"; sourceTree = "<group>"; };
		9E79B8461964363600559838 /* UIImage+Alpha.h */ = {isa = PBXFileReference; fileEncoding = 4; lastKnownFileType = sourcecode.c.h; path = "UIImage+Alpha.h"; sourceTree = "<group>"; };
		9E79B8471964363600559838 /* UIImage+Alpha.m */ = {isa = PBXFileReference; fileEncoding = 4; lastKnownFileType = sourcecode.c.objc; path = "UIImage+Alpha.m"; sourceTree = "<group>"; };
		9E79B8481964363600559838 /* UIImage+Resize.h */ = {isa = PBXFileReference; fileEncoding = 4; lastKnownFileType = sourcecode.c.h; path = "UIImage+Resize.h"; sourceTree = "<group>"; };
		9E79B8491964363600559838 /* UIImage+Resize.m */ = {isa = PBXFileReference; fileEncoding = 4; lastKnownFileType = sourcecode.c.objc; path = "UIImage+Resize.m"; sourceTree = "<group>"; };
		9E79B84A1964363600559838 /* UIImage+RoundedCorner.h */ = {isa = PBXFileReference; fileEncoding = 4; lastKnownFileType = sourcecode.c.h; path = "UIImage+RoundedCorner.h"; sourceTree = "<group>"; };
		9E79B84B1964363600559838 /* UIImage+RoundedCorner.m */ = {isa = PBXFileReference; fileEncoding = 4; lastKnownFileType = sourcecode.c.objc; path = "UIImage+RoundedCorner.m"; sourceTree = "<group>"; };
		9E79B84C1964363600559838 /* Util.h */ = {isa = PBXFileReference; fileEncoding = 4; lastKnownFileType = sourcecode.c.h; path = Util.h; sourceTree = "<group>"; };
		9E79B84D1964363600559838 /* Util.m */ = {isa = PBXFileReference; fileEncoding = 4; lastKnownFileType = sourcecode.c.objc; path = Util.m; sourceTree = "<group>"; };
		9E79B86119643AF200559838 /* AudioToolbox.framework */ = {isa = PBXFileReference; lastKnownFileType = wrapper.framework; name = AudioToolbox.framework; path = System/Library/Frameworks/AudioToolbox.framework; sourceTree = SDKROOT; };
		9E79B86319643AF900559838 /* CFNetwork.framework */ = {isa = PBXFileReference; lastKnownFileType = wrapper.framework; name = CFNetwork.framework; path = System/Library/Frameworks/CFNetwork.framework; sourceTree = SDKROOT; };
		9E79B86519643AFE00559838 /* CoreLocation.framework */ = {isa = PBXFileReference; lastKnownFileType = wrapper.framework; name = CoreLocation.framework; path = System/Library/Frameworks/CoreLocation.framework; sourceTree = SDKROOT; };
		9E79B86719643B0300559838 /* libz.dylib */ = {isa = PBXFileReference; lastKnownFileType = "compiled.mach-o.dylib"; name = libz.dylib; path = usr/lib/libz.dylib; sourceTree = SDKROOT; };
		9E79B86919643B0A00559838 /* MobileCoreServices.framework */ = {isa = PBXFileReference; lastKnownFileType = wrapper.framework; name = MobileCoreServices.framework; path = System/Library/Frameworks/MobileCoreServices.framework; sourceTree = SDKROOT; };
		9E79B86B19643B1100559838 /* QuartzCore.framework */ = {isa = PBXFileReference; lastKnownFileType = wrapper.framework; name = QuartzCore.framework; path = System/Library/Frameworks/QuartzCore.framework; sourceTree = SDKROOT; };
		9E79B86D19643B1600559838 /* Security.framework */ = {isa = PBXFileReference; lastKnownFileType = wrapper.framework; name = Security.framework; path = System/Library/Frameworks/Security.framework; sourceTree = SDKROOT; };
		9E79B86F19643B1900559838 /* StoreKit.framework */ = {isa = PBXFileReference; lastKnownFileType = wrapper.framework; name = StoreKit.framework; path = System/Library/Frameworks/StoreKit.framework; sourceTree = SDKROOT; };
		9E79B87119643B2100559838 /* SystemConfiguration.framework */ = {isa = PBXFileReference; lastKnownFileType = wrapper.framework; name = SystemConfiguration.framework; path = System/Library/Frameworks/SystemConfiguration.framework; sourceTree = SDKROOT; };
		9E82C4CD196C35CA0073D7D1 /* AddressBook.framework */ = {isa = PBXFileReference; lastKnownFileType = wrapper.framework; name = AddressBook.framework; path = System/Library/Frameworks/AddressBook.framework; sourceTree = SDKROOT; };
		9E973AF619884F3F00142E6C /* TraitSelectorViewController.h */ = {isa = PBXFileReference; fileEncoding = 4; lastKnownFileType = sourcecode.c.h; path = TraitSelectorViewController.h; sourceTree = "<group>"; };
		9E973AF719884F3F00142E6C /* TraitSelectorViewController.m */ = {isa = PBXFileReference; fileEncoding = 4; lastKnownFileType = sourcecode.c.objc; path = TraitSelectorViewController.m; sourceTree = "<group>"; };
		9E973AFA1989572800142E6C /* BackgroundHelper.h */ = {isa = PBXFileReference; fileEncoding = 4; lastKnownFileType = sourcecode.c.h; path = BackgroundHelper.h; sourceTree = "<group>"; };
		9E973AFB1989572800142E6C /* BackgroundHelper.m */ = {isa = PBXFileReference; fileEncoding = 4; lastKnownFileType = sourcecode.c.objc; path = BackgroundHelper.m; sourceTree = "<group>"; };
		9EA479181993D777007587CC /* ProfileViewController.h */ = {isa = PBXFileReference; fileEncoding = 4; lastKnownFileType = sourcecode.c.h; path = ProfileViewController.h; sourceTree = "<group>"; };
		9EA479191993D777007587CC /* ProfileViewController.m */ = {isa = PBXFileReference; fileEncoding = 4; lastKnownFileType = sourcecode.c.objc; path = ProfileViewController.m; sourceTree = "<group>"; };
		9EA793191985F19300C8A0C9 /* seven_icon_facebook_white@2x.png */ = {isa = PBXFileReference; lastKnownFileType = image.png; path = "seven_icon_facebook_white@2x.png"; sourceTree = "<group>"; };
		9EA7931A1985F19300C8A0C9 /* seven_icon_logo_white@2x.png */ = {isa = PBXFileReference; lastKnownFileType = image.png; path = "seven_icon_logo_white@2x.png"; sourceTree = "<group>"; };
		9EB1D027198FEFDD00065AB0 /* LookingForViewController.h */ = {isa = PBXFileReference; fileEncoding = 4; lastKnownFileType = sourcecode.c.h; path = LookingForViewController.h; sourceTree = "<group>"; };
		9EB1D028198FEFDD00065AB0 /* LookingForViewController.m */ = {isa = PBXFileReference; fileEncoding = 4; lastKnownFileType = sourcecode.c.objc; path = LookingForViewController.m; sourceTree = "<group>"; };
		9EC3B58F199D0BB90024F3BD /* uparrow_white@2x.png */ = {isa = PBXFileReference; lastKnownFileType = image.png; path = "uparrow_white@2x.png"; sourceTree = "<group>"; };
		9EC3B590199D0BB90024F3BD /* degrees_white@2x.png */ = {isa = PBXFileReference; lastKnownFileType = image.png; path = "degrees_white@2x.png"; sourceTree = "<group>"; };
		9EC3B591199D0BB90024F3BD /* message_white@2x.png */ = {isa = PBXFileReference; lastKnownFileType = image.png; path = "message_white@2x.png"; sourceTree = "<group>"; };
		9EC3B592199D0BB90024F3BD /* menu_white@2x.png */ = {isa = PBXFileReference; lastKnownFileType = image.png; path = "menu_white@2x.png"; sourceTree = "<group>"; };
		9EC9CEFF196D5B1100EAF3D9 /* FacebookHelper.h */ = {isa = PBXFileReference; fileEncoding = 4; lastKnownFileType = sourcecode.c.h; path = FacebookHelper.h; sourceTree = "<group>"; };
		9EC9CF00196D5B1100EAF3D9 /* FacebookHelper.m */ = {isa = PBXFileReference; fileEncoding = 4; lastKnownFileType = sourcecode.c.objc; path = FacebookHelper.m; sourceTree = "<group>"; };
		9EEB9C2C198D184C0031B4AF /* TraitSelectorCell.h */ = {isa = PBXFileReference; fileEncoding = 4; lastKnownFileType = sourcecode.c.h; path = TraitSelectorCell.h; sourceTree = "<group>"; };
		9EEB9C2D198D184C0031B4AF /* TraitSelectorCell.m */ = {isa = PBXFileReference; fileEncoding = 4; lastKnownFileType = sourcecode.c.objc; path = TraitSelectorCell.m; sourceTree = "<group>"; };
		9EEB9C2F198D22A40031B4AF /* seven_icon_confirm_white@2x.png */ = {isa = PBXFileReference; lastKnownFileType = image.png; path = "seven_icon_confirm_white@2x.png"; sourceTree = "<group>"; };
		9EEB9C30198D22A40031B4AF /* seven_icon_checklistconfirm_white@2x.png */ = {isa = PBXFileReference; lastKnownFileType = image.png; path = "seven_icon_checklistconfirm_white@2x.png"; sourceTree = "<group>"; };
		9EEB9C33198D58370031B4AF /* TraitAdjustorCell.h */ = {isa = PBXFileReference; fileEncoding = 4; lastKnownFileType = sourcecode.c.h; path = TraitAdjustorCell.h; sourceTree = "<group>"; };
		9EEB9C34198D58370031B4AF /* TraitAdjustorCell.m */ = {isa = PBXFileReference; fileEncoding = 4; lastKnownFileType = sourcecode.c.objc; path = TraitAdjustorCell.m; sourceTree = "<group>"; };
		9EEBB85F1985B1B10023CE0F /* CreateProfileViewController.h */ = {isa = PBXFileReference; fileEncoding = 4; lastKnownFileType = sourcecode.c.h; path = CreateProfileViewController.h; sourceTree = "<group>"; };
		9EEBB8601985B1B10023CE0F /* CreateProfileViewController.m */ = {isa = PBXFileReference; fileEncoding = 4; lastKnownFileType = sourcecode.c.objc; path = CreateProfileViewController.m; sourceTree = "<group>"; };
		9EEBB8621985B34B0023CE0F /* ModalSlideFromRightTransitionSegue.h */ = {isa = PBXFileReference; fileEncoding = 4; lastKnownFileType = sourcecode.c.h; path = ModalSlideFromRightTransitionSegue.h; sourceTree = "<group>"; };
		9EEBB8631985B34B0023CE0F /* ModalSlideFromRightTransitionSegue.m */ = {isa = PBXFileReference; fileEncoding = 4; lastKnownFileType = sourcecode.c.objc; path = ModalSlideFromRightTransitionSegue.m; sourceTree = "<group>"; };
		9EEBF33E198CFD27005ED301 /* FacebookSDK.framework */ = {isa = PBXFileReference; lastKnownFileType = wrapper.framework; path = FacebookSDK.framework; sourceTree = "<group>"; };
		9EEBF341198D0EE2005ED301 /* GothamHTF-Book.otf */ = {isa = PBXFileReference; lastKnownFileType = file; path = "GothamHTF-Book.otf"; sourceTree = "<group>"; };
		9EEBF342198D0EE2005ED301 /* GothamHTF-Medium.otf */ = {isa = PBXFileReference; lastKnownFileType = file; path = "GothamHTF-Medium.otf"; sourceTree = "<group>"; };
		9EFED233199E478C00937F0F /* libz.1.2.5.dylib */ = {isa = PBXFileReference; lastKnownFileType = "compiled.mach-o.dylib"; name = libz.1.2.5.dylib; path = usr/lib/libz.1.2.5.dylib; sourceTree = SDKROOT; };
		9EFED235199E47BA00937F0F /* Parse.framework */ = {isa = PBXFileReference; lastKnownFileType = wrapper.framework; path = Parse.framework; sourceTree = "<group>"; };
		9EFED237199E48C700937F0F /* Social.framework */ = {isa = PBXFileReference; lastKnownFileType = wrapper.framework; name = Social.framework; path = System/Library/Frameworks/Social.framework; sourceTree = SDKROOT; };
		A21E14AC96954F9C9B86AA3D /* Pods.xcconfig */ = {isa = PBXFileReference; includeInIndex = 1; lastKnownFileType = text.xcconfig; name = Pods.xcconfig; path = Pods/Pods.xcconfig; sourceTree = "<group>"; };
		F6043D75BAC44FD79985E431 /* libPods.a */ = {isa = PBXFileReference; explicitFileType = archive.ar; includeInIndex = 0; path = libPods.a; sourceTree = BUILT_PRODUCTS_DIR; };
/* End PBXFileReference section */

/* Begin PBXFrameworksBuildPhase section */
		9E79B7EB196435AA00559838 /* Frameworks */ = {
			isa = PBXFrameworksBuildPhase;
			buildActionMask = 2147483647;
			files = (
				9EFED238199E48C700937F0F /* Social.framework in Frameworks */,
				9EFED232199E478500937F0F /* libz.dylib in Frameworks */,
				9E23769F1981548D007ED7D8 /* MediaPlayer.framework in Frameworks */,
				9E82C4CE196C35CA0073D7D1 /* AddressBook.framework in Frameworks */,
				9E01242E196717490080543B /* MapKit.framework in Frameworks */,
				9E79B87219643B2100559838 /* SystemConfiguration.framework in Frameworks */,
				9E79B87019643B1900559838 /* StoreKit.framework in Frameworks */,
				9EEBF33F198CFD27005ED301 /* FacebookSDK.framework in Frameworks */,
				9E79B86E19643B1600559838 /* Security.framework in Frameworks */,
				9E79B86C19643B1100559838 /* QuartzCore.framework in Frameworks */,
				9E79B86A19643B0A00559838 /* MobileCoreServices.framework in Frameworks */,
				9E79B86619643AFE00559838 /* CoreLocation.framework in Frameworks */,
				9E79B86419643AF900559838 /* CFNetwork.framework in Frameworks */,
				9EFED236199E47BA00937F0F /* Parse.framework in Frameworks */,
				9E79B86219643AF200559838 /* AudioToolbox.framework in Frameworks */,
				9E79B7F4196435AA00559838 /* CoreGraphics.framework in Frameworks */,
				9E79B7F6196435AA00559838 /* UIKit.framework in Frameworks */,
				9E79B7F2196435AA00559838 /* Foundation.framework in Frameworks */,
				4B88438186A14653A77F5354 /* libPods.a in Frameworks */,
			);
			runOnlyForDeploymentPostprocessing = 0;
		};
		9E79B80C196435AA00559838 /* Frameworks */ = {
			isa = PBXFrameworksBuildPhase;
			buildActionMask = 2147483647;
			files = (
				9E79B811196435AA00559838 /* XCTest.framework in Frameworks */,
				9E79B813196435AA00559838 /* UIKit.framework in Frameworks */,
				9E79B812196435AA00559838 /* Foundation.framework in Frameworks */,
			);
			runOnlyForDeploymentPostprocessing = 0;
		};
/* End PBXFrameworksBuildPhase section */

/* Begin PBXGroup section */
		9E10602A19D8BE320059E382 /* Player */ = {
			isa = PBXGroup;
			children = (
				9E10602B19D8BE3E0059E382 /* VideoPlayerView.h */,
				9E10602C19D8BE3E0059E382 /* VideoPlayerView.m */,
				9E10602D19D8BE3E0059E382 /* VideoPlayerViewController.h */,
				9E10602E19D8BE3E0059E382 /* VideoPlayerViewController.m */,
			);
			name = Player;
			sourceTree = "<group>";
		};
		9E23769A19815348007ED7D8 /* Signup */ = {
			isa = PBXGroup;
			children = (
				9E23769B1981537F007ED7D8 /* IntroViewController.h */,
				9E23769C1981537F007ED7D8 /* IntroViewController.m */,
				9EEBB85F1985B1B10023CE0F /* CreateProfileViewController.h */,
				9EEBB8601985B1B10023CE0F /* CreateProfileViewController.m */,
				9E3E24F81986879500870666 /* ProfileVideoPreviewViewController.h */,
				9E3E24F91986879500870666 /* ProfileVideoPreviewViewController.m */,
				9E973AF619884F3F00142E6C /* TraitSelectorViewController.h */,
				9E973AF719884F3F00142E6C /* TraitSelectorViewController.m */,
				9EB1D027198FEFDD00065AB0 /* LookingForViewController.h */,
				9EB1D028198FEFDD00065AB0 /* LookingForViewController.m */,
			);
			name = Signup;
			sourceTree = "<group>";
		};
		9E2376A019815530007ED7D8 /* Videos */ = {
			isa = PBXGroup;
			children = (
				9E2376A619815827007ED7D8 /* SEVEN_IntroVideo_V01.mp4 */,
				9E2376A819815841007ED7D8 /* SEVEN_IntroVideo_V02.mp4 */,
				9E2376A919815842007ED7D8 /* SEVEN_IntroVideo_V03.mp4 */,
				9E2376AA19815842007ED7D8 /* SEVEN_ProfileSample_002.mp4 */,
			);
			name = Videos;
			sourceTree = "<group>";
		};
		9E79B7E5196435AA00559838 = {
			isa = PBXGroup;
			children = (
				9E79B7F7196435AA00559838 /* SEVEN */,
				9E79B816196435AA00559838 /* SEVENTests */,
				9E79B7F0196435AA00559838 /* Frameworks */,
				9E79B7EF196435AA00559838 /* Products */,
				A21E14AC96954F9C9B86AA3D /* Pods.xcconfig */,
			);
			sourceTree = "<group>";
		};
		9E79B7EF196435AA00559838 /* Products */ = {
			isa = PBXGroup;
			children = (
				9E79B7EE196435AA00559838 /* SEVEN.app */,
				9E79B80F196435AA00559838 /* SEVENTests.xctest */,
			);
			name = Products;
			sourceTree = "<group>";
		};
		9E79B7F0196435AA00559838 /* Frameworks */ = {
			isa = PBXGroup;
			children = (
				9EFED237199E48C700937F0F /* Social.framework */,
				9EFED233199E478C00937F0F /* libz.1.2.5.dylib */,
				9EFED235199E47BA00937F0F /* Parse.framework */,
				9EEBF33E198CFD27005ED301 /* FacebookSDK.framework */,
				9E23769E1981548D007ED7D8 /* MediaPlayer.framework */,
				9E82C4CD196C35CA0073D7D1 /* AddressBook.framework */,
				9E01242D196717490080543B /* MapKit.framework */,
				9E79B87119643B2100559838 /* SystemConfiguration.framework */,
				9E79B86F19643B1900559838 /* StoreKit.framework */,
				9E79B86D19643B1600559838 /* Security.framework */,
				9E79B86B19643B1100559838 /* QuartzCore.framework */,
				9E79B86919643B0A00559838 /* MobileCoreServices.framework */,
				9E79B86719643B0300559838 /* libz.dylib */,
				9E79B86519643AFE00559838 /* CoreLocation.framework */,
				9E79B86319643AF900559838 /* CFNetwork.framework */,
				9E79B86119643AF200559838 /* AudioToolbox.framework */,
				9E79B7F1196435AA00559838 /* Foundation.framework */,
				9E79B7F3196435AA00559838 /* CoreGraphics.framework */,
				9E79B7F5196435AA00559838 /* UIKit.framework */,
				9E79B810196435AA00559838 /* XCTest.framework */,
				F6043D75BAC44FD79985E431 /* libPods.a */,
			);
			name = Frameworks;
			sourceTree = "<group>";
		};
		9E79B7F7196435AA00559838 /* SEVEN */ = {
			isa = PBXGroup;
			children = (
				9E10602A19D8BE320059E382 /* Player */,
				9EEBB8651985FCE30023CE0F /* Camera */,
				9E973AF919894BAD00142E6C /* Other */,
				9E79B8311964363600559838 /* Utils */,
				9E79B826196435DE00559838 /* Parse */,
				9E23769A19815348007ED7D8 /* Signup */,
				9EA4791B1993D77C007587CC /* Profile */,
				9E0124081966FCDA0080543B /* Constants.h */,
				9E79B800196435AA00559838 /* AppDelegate.h */,
				9E79B801196435AA00559838 /* AppDelegate.m */,
				9E79B803196435AA00559838 /* Main.storyboard */,
				9E79B806196435AA00559838 /* ViewController.h */,
				9E79B807196435AA00559838 /* ViewController.m */,
				9E01242F19671B040080543B /* CommonStyledViewController.h */,
				9E01243019671B040080543B /* CommonStyledViewController.m */,
				9E79B809196435AA00559838 /* Images.xcassets */,
				9EE24F571964769000F7EA78 /* Images */,
				9EEBF340198D0EE2005ED301 /* Fonts */,
				9E79B7F8196435AA00559838 /* Supporting Files */,
			);
			path = SEVEN;
			sourceTree = "<group>";
		};
		9E79B7F8196435AA00559838 /* Supporting Files */ = {
			isa = PBXGroup;
			children = (
				9E79B7F9196435AA00559838 /* SEVEN-Info.plist */,
				9E79B7FA196435AA00559838 /* InfoPlist.strings */,
				9E79B7FD196435AA00559838 /* main.m */,
				9E79B7FF196435AA00559838 /* SEVEN-Prefix.pch */,
			);
			name = "Supporting Files";
			sourceTree = "<group>";
		};
		9E79B816196435AA00559838 /* SEVENTests */ = {
			isa = PBXGroup;
			children = (
				9E79B81C196435AA00559838 /* SEVENTests.m */,
				9E79B817196435AA00559838 /* Supporting Files */,
			);
			path = SEVENTests;
			sourceTree = "<group>";
		};
		9E79B817196435AA00559838 /* Supporting Files */ = {
			isa = PBXGroup;
			children = (
				9E79B818196435AA00559838 /* SEVENTests-Info.plist */,
				9E79B819196435AA00559838 /* InfoPlist.strings */,
			);
			name = "Supporting Files";
			sourceTree = "<group>";
		};
		9E79B826196435DE00559838 /* Parse */ = {
			isa = PBXGroup;
			children = (
				9E79B82B1964362400559838 /* ParseBase.h */,
				9E79B82C1964362400559838 /* ParseBase.m */,
				9E79B828196435F700559838 /* PFObjectFactory.h */,
			);
			name = Parse;
			sourceTree = "<group>";
		};
		9E79B8311964363600559838 /* Utils */ = {
			isa = PBXGroup;
			children = (
				9E973AFA1989572800142E6C /* BackgroundHelper.h */,
				9E973AFB1989572800142E6C /* BackgroundHelper.m */,
				9E79B8321964363600559838 /* ALAssetsLibrary+CustomPhotoAlbum.h */,
				9E79B8331964363600559838 /* ALAssetsLibrary+CustomPhotoAlbum.m */,
				9E79B8341964363600559838 /* GPLocationHelper.h */,
				9E79B8351964363600559838 /* GPLocationHelper.m */,
				9E79B8361964363600559838 /* MKAdditions */,
				9E79B8421964363600559838 /* NSObject+Notify.h */,
				9E79B8431964363600559838 /* NSObject+Notify.m */,
				9E79B8461964363600559838 /* UIImage+Alpha.h */,
				9E79B8471964363600559838 /* UIImage+Alpha.m */,
				9E79B8481964363600559838 /* UIImage+Resize.h */,
				9E79B8491964363600559838 /* UIImage+Resize.m */,
				9E79B84A1964363600559838 /* UIImage+RoundedCorner.h */,
				9E79B84B1964363600559838 /* UIImage+RoundedCorner.m */,
				9E79B84C1964363600559838 /* Util.h */,
				9E79B84D1964363600559838 /* Util.m */,
			);
			path = Utils;
			sourceTree = "<group>";
		};
		9E79B8361964363600559838 /* MKAdditions */ = {
			isa = PBXGroup;
			children = (
				9E79B8371964363600559838 /* MKBlockAdditions.h */,
				9E79B8381964363600559838 /* NSObject+MKBlockAdditions.h */,
				9E79B8391964363600559838 /* NSObject+MKBlockAdditions.m */,
				9E79B83A1964363600559838 /* UIActionSheet+MKBlockAdditions.h */,
				9E79B83B1964363600559838 /* UIActionSheet+MKBlockAdditions.m */,
				9E79B83C1964363600559838 /* UIAlertView+MKBlockAdditions.h */,
				9E79B83D1964363600559838 /* UIAlertView+MKBlockAdditions.m */,
			);
			path = MKAdditions;
			sourceTree = "<group>";
		};
		9E973AF919894BAD00142E6C /* Other */ = {
			isa = PBXGroup;
			children = (
				9E3E24F21986670100870666 /* EffectsUtils.h */,
				9E3E24F31986670100870666 /* EffectsUtils.m */,
				9EC9CEFF196D5B1100EAF3D9 /* FacebookHelper.h */,
				9EC9CF00196D5B1100EAF3D9 /* FacebookHelper.m */,
				9EEBB8621985B34B0023CE0F /* ModalSlideFromRightTransitionSegue.h */,
				9EEBB8631985B34B0023CE0F /* ModalSlideFromRightTransitionSegue.m */,
				9E3E24F5198670B000870666 /* VideoProgressIndicator.h */,
				9E3E24F6198670B000870666 /* VideoProgressIndicator.m */,
				9EEB9C2C198D184C0031B4AF /* TraitSelectorCell.h */,
				9EEB9C2D198D184C0031B4AF /* TraitSelectorCell.m */,
				9EEB9C33198D58370031B4AF /* TraitAdjustorCell.h */,
				9EEB9C34198D58370031B4AF /* TraitAdjustorCell.m */,
			);
			name = Other;
			sourceTree = "<group>";
		};
		9EA4791B1993D77C007587CC /* Profile */ = {
			isa = PBXGroup;
			children = (
				9EA479181993D777007587CC /* ProfileViewController.h */,
				9EA479191993D777007587CC /* ProfileViewController.m */,
				9E72927E199504EF006A2AC1 /* ProfileScrollViewController.h */,
				9E72927F199504EF006A2AC1 /* ProfileScrollViewController.m */,
				9E72928619950A6B006A2AC1 /* PagedFlowLayout.h */,
				9E72928719950A6B006A2AC1 /* PagedFlowLayout.m */,
				9E72928919952E8A006A2AC1 /* ShellViewController.h */,
				9E72928A19952E8A006A2AC1 /* ShellViewController.m */,
				9E72928C199530FA006A2AC1 /* ProfileScrollProtocol.h */,
				9E3DCD3A199E1C0F00E1C09D /* ProfileDescriptionView.h */,
				9E3DCD3B199E1C0F00E1C09D /* ProfileDescriptionView.m */,
				9E3DCD3D199E1C5B00E1C09D /* ProfileDescriptionView.xib */,
			);
			name = Profile;
			sourceTree = "<group>";
		};
		9EE24F571964769000F7EA78 /* Images */ = {
			isa = PBXGroup;
			children = (
				9E3DCD3F199E1EB500E1C09D /* location@2x.png */,
				9EC3B58F199D0BB90024F3BD /* uparrow_white@2x.png */,
				9EC3B590199D0BB90024F3BD /* degrees_white@2x.png */,
				9EC3B591199D0BB90024F3BD /* message_white@2x.png */,
				9EC3B592199D0BB90024F3BD /* menu_white@2x.png */,
				9E3E25051988139C00870666 /* rotateCamera@2x.png */,
				9EEB9C2F198D22A40031B4AF /* seven_icon_confirm_white@2x.png */,
				9EEB9C30198D22A40031B4AF /* seven_icon_checklistconfirm_white@2x.png */,
				9E3E24FB19869FB200870666 /* seven_icon_back_white@2x.png */,
				9E3E24FC19869FB200870666 /* seven_icon_close_white@2x.png */,
				9EA793191985F19300C8A0C9 /* seven_icon_facebook_white@2x.png */,
				9EA7931A1985F19300C8A0C9 /* seven_icon_logo_white@2x.png */,
				9E2376A019815530007ED7D8 /* Videos */,
			);
			path = Images;
			sourceTree = "<group>";
		};
		9EEBB8651985FCE30023CE0F /* Camera */ = {
			isa = PBXGroup;
			children = (
				9E3E25021987F85E00870666 /* BRCameraViewController.h */,
				9E3E25031987F85E00870666 /* BRCameraViewController.m */,
			);
			name = Camera;
			sourceTree = "<group>";
		};
		9EEBF340198D0EE2005ED301 /* Fonts */ = {
			isa = PBXGroup;
			children = (
				9EEBF341198D0EE2005ED301 /* GothamHTF-Book.otf */,
				9EEBF342198D0EE2005ED301 /* GothamHTF-Medium.otf */,
			);
			path = Fonts;
			sourceTree = "<group>";
		};
/* End PBXGroup section */

/* Begin PBXNativeTarget section */
		9E79B7ED196435AA00559838 /* SEVEN */ = {
			isa = PBXNativeTarget;
			buildConfigurationList = 9E79B820196435AA00559838 /* Build configuration list for PBXNativeTarget "SEVEN" */;
			buildPhases = (
				56FC2B251E5C4F02B50CF88E /* Check Pods Manifest.lock */,
				9E79B7EA196435AA00559838 /* Sources */,
				9E79B7EB196435AA00559838 /* Frameworks */,
				9E79B7EC196435AA00559838 /* Resources */,
				50AE1095ECD34A3C9C7B3539 /* Copy Pods Resources */,
			);
			buildRules = (
			);
			dependencies = (
			);
			name = SEVEN;
			productName = SEVEN;
			productReference = 9E79B7EE196435AA00559838 /* SEVEN.app */;
			productType = "com.apple.product-type.application";
		};
		9E79B80E196435AA00559838 /* SEVENTests */ = {
			isa = PBXNativeTarget;
			buildConfigurationList = 9E79B823196435AA00559838 /* Build configuration list for PBXNativeTarget "SEVENTests" */;
			buildPhases = (
				9E79B80B196435AA00559838 /* Sources */,
				9E79B80C196435AA00559838 /* Frameworks */,
				9E79B80D196435AA00559838 /* Resources */,
			);
			buildRules = (
			);
			dependencies = (
				9E79B815196435AA00559838 /* PBXTargetDependency */,
			);
			name = SEVENTests;
			productName = SEVENTests;
			productReference = 9E79B80F196435AA00559838 /* SEVENTests.xctest */;
			productType = "com.apple.product-type.bundle.unit-test";
		};
/* End PBXNativeTarget section */

/* Begin PBXProject section */
		9E79B7E6196435AA00559838 /* Project object */ = {
			isa = PBXProject;
			attributes = {
				LastUpgradeCheck = 0510;
				ORGANIZATIONNAME = SEVEN;
				TargetAttributes = {
					9E79B7ED196435AA00559838 = {
						DevelopmentTeam = H799H8B8DD;
					};
					9E79B80E196435AA00559838 = {
						TestTargetID = 9E79B7ED196435AA00559838;
					};
				};
			};
			buildConfigurationList = 9E79B7E9196435AA00559838 /* Build configuration list for PBXProject "SEVEN" */;
			compatibilityVersion = "Xcode 3.2";
			developmentRegion = English;
			hasScannedForEncodings = 0;
			knownRegions = (
				en,
				Base,
			);
			mainGroup = 9E79B7E5196435AA00559838;
			productRefGroup = 9E79B7EF196435AA00559838 /* Products */;
			projectDirPath = "";
			projectRoot = "";
			targets = (
				9E79B7ED196435AA00559838 /* SEVEN */,
				9E79B80E196435AA00559838 /* SEVENTests */,
			);
		};
/* End PBXProject section */

/* Begin PBXResourcesBuildPhase section */
		9E79B7EC196435AA00559838 /* Resources */ = {
			isa = PBXResourcesBuildPhase;
			buildActionMask = 2147483647;
			files = (
				9E2376AC19815842007ED7D8 /* SEVEN_IntroVideo_V03.mp4 in Resources */,
				9EC3B594199D0BB90024F3BD /* degrees_white@2x.png in Resources */,
				9E2376A719815827007ED7D8 /* SEVEN_IntroVideo_V01.mp4 in Resources */,
				9E2376AB19815842007ED7D8 /* SEVEN_IntroVideo_V02.mp4 in Resources */,
				9E3E24FD19869FB200870666 /* seven_icon_back_white@2x.png in Resources */,
				9EEBF344198D0EE2005ED301 /* GothamHTF-Medium.otf in Resources */,
				9E3DCD3E199E1C5B00E1C09D /* ProfileDescriptionView.xib in Resources */,
				9EC3B593199D0BB90024F3BD /* uparrow_white@2x.png in Resources */,
				9E2376AD19815842007ED7D8 /* SEVEN_ProfileSample_002.mp4 in Resources */,
				9E79B80A196435AA00559838 /* Images.xcassets in Resources */,
				9EA7931C1985F19300C8A0C9 /* seven_icon_logo_white@2x.png in Resources */,
				9E79B7FC196435AA00559838 /* InfoPlist.strings in Resources */,
				9E79B805196435AA00559838 /* Main.storyboard in Resources */,
				9E3E24FE19869FB200870666 /* seven_icon_close_white@2x.png in Resources */,
				9EEB9C32198D22A40031B4AF /* seven_icon_checklistconfirm_white@2x.png in Resources */,
				9EC3B595199D0BB90024F3BD /* message_white@2x.png in Resources */,
				9E3E25061988139C00870666 /* rotateCamera@2x.png in Resources */,
				9E3DCD40199E1EB500E1C09D /* location@2x.png in Resources */,
				9EC3B596199D0BB90024F3BD /* menu_white@2x.png in Resources */,
				9EEB9C31198D22A40031B4AF /* seven_icon_confirm_white@2x.png in Resources */,
				9EA7931B1985F19300C8A0C9 /* seven_icon_facebook_white@2x.png in Resources */,
				9EEBF343198D0EE2005ED301 /* GothamHTF-Book.otf in Resources */,
			);
			runOnlyForDeploymentPostprocessing = 0;
		};
		9E79B80D196435AA00559838 /* Resources */ = {
			isa = PBXResourcesBuildPhase;
			buildActionMask = 2147483647;
			files = (
				9E79B81B196435AA00559838 /* InfoPlist.strings in Resources */,
			);
			runOnlyForDeploymentPostprocessing = 0;
		};
/* End PBXResourcesBuildPhase section */

/* Begin PBXShellScriptBuildPhase section */
		50AE1095ECD34A3C9C7B3539 /* Copy Pods Resources */ = {
			isa = PBXShellScriptBuildPhase;
			buildActionMask = 2147483647;
			files = (
			);
			inputPaths = (
			);
			name = "Copy Pods Resources";
			outputPaths = (
			);
			runOnlyForDeploymentPostprocessing = 0;
			shellPath = /bin/sh;
			shellScript = "\"${SRCROOT}/Pods/Pods-resources.sh\"\n";
			showEnvVarsInLog = 0;
		};
		56FC2B251E5C4F02B50CF88E /* Check Pods Manifest.lock */ = {
			isa = PBXShellScriptBuildPhase;
			buildActionMask = 2147483647;
			files = (
			);
			inputPaths = (
			);
			name = "Check Pods Manifest.lock";
			outputPaths = (
			);
			runOnlyForDeploymentPostprocessing = 0;
			shellPath = /bin/sh;
			shellScript = "diff \"${PODS_ROOT}/../Podfile.lock\" \"${PODS_ROOT}/Manifest.lock\" > /dev/null\nif [[ $? != 0 ]] ; then\n    cat << EOM\nerror: The sandbox is not in sync with the Podfile.lock. Run 'pod install' or update your CocoaPods installation.\nEOM\n    exit 1\nfi\n";
			showEnvVarsInLog = 0;
		};
/* End PBXShellScriptBuildPhase section */

/* Begin PBXSourcesBuildPhase section */
		9E79B7EA196435AA00559838 /* Sources */ = {
			isa = PBXSourcesBuildPhase;
			buildActionMask = 2147483647;
			files = (
				9E10603019D8BE3E0059E382 /* VideoPlayerViewController.m in Sources */,
				9E79B82F1964362400559838 /* ParseBase.m in Sources */,
				9EEBB8641985B34B0023CE0F /* ModalSlideFromRightTransitionSegue.m in Sources */,
				9E3E24F7198670B000870666 /* VideoProgressIndicator.m in Sources */,
				9E10602F19D8BE3E0059E382 /* VideoPlayerView.m in Sources */,
				9E3DCD3C199E1C0F00E1C09D /* ProfileDescriptionView.m in Sources */,
				9E79B8551964363600559838 /* NSObject+Notify.m in Sources */,
				9EA4791A1993D777007587CC /* ProfileViewController.m in Sources */,
				9E79B8591964363600559838 /* UIImage+RoundedCorner.m in Sources */,
				9E973AF819884F3F00142E6C /* TraitSelectorViewController.m in Sources */,
				9E79B808196435AA00559838 /* ViewController.m in Sources */,
				9E72928B19952E8A006A2AC1 /* ShellViewController.m in Sources */,
				9E01243119671B040080543B /* CommonStyledViewController.m in Sources */,
				9E23769D1981537F007ED7D8 /* IntroViewController.m in Sources */,
				9E79B84F1964363600559838 /* GPLocationHelper.m in Sources */,
				9E973AFC1989572800142E6C /* BackgroundHelper.m in Sources */,
				9E79B8511964363600559838 /* UIActionSheet+MKBlockAdditions.m in Sources */,
				9EB1D029198FEFDD00065AB0 /* LookingForViewController.m in Sources */,
				9E79B8501964363600559838 /* NSObject+MKBlockAdditions.m in Sources */,
				9E79B8571964363600559838 /* UIImage+Alpha.m in Sources */,
				9E729280199504EF006A2AC1 /* ProfileScrollViewController.m in Sources */,
				9E79B8581964363600559838 /* UIImage+Resize.m in Sources */,
				9EC9CF01196D5B1100EAF3D9 /* FacebookHelper.m in Sources */,
				9E79B8521964363600559838 /* UIAlertView+MKBlockAdditions.m in Sources */,
				9E79B802196435AA00559838 /* AppDelegate.m in Sources */,
				9E72928819950A6B006A2AC1 /* PagedFlowLayout.m in Sources */,
				9E3E24F41986670100870666 /* EffectsUtils.m in Sources */,
				9EEBB8611985B1B10023CE0F /* CreateProfileViewController.m in Sources */,
				9E79B7FE196435AA00559838 /* main.m in Sources */,
				9EEB9C35198D58370031B4AF /* TraitAdjustorCell.m in Sources */,
				9EEB9C2E198D184C0031B4AF /* TraitSelectorCell.m in Sources */,
				9E3E25041987F85E00870666 /* BRCameraViewController.m in Sources */,
				9E79B84E1964363600559838 /* ALAssetsLibrary+CustomPhotoAlbum.m in Sources */,
				9E79B85A1964363600559838 /* Util.m in Sources */,
				9E3E24FA1986879500870666 /* ProfileVideoPreviewViewController.m in Sources */,
			);
			runOnlyForDeploymentPostprocessing = 0;
		};
		9E79B80B196435AA00559838 /* Sources */ = {
			isa = PBXSourcesBuildPhase;
			buildActionMask = 2147483647;
			files = (
				9E79B81D196435AA00559838 /* SEVENTests.m in Sources */,
			);
			runOnlyForDeploymentPostprocessing = 0;
		};
/* End PBXSourcesBuildPhase section */

/* Begin PBXTargetDependency section */
		9E79B815196435AA00559838 /* PBXTargetDependency */ = {
			isa = PBXTargetDependency;
			target = 9E79B7ED196435AA00559838 /* SEVEN */;
			targetProxy = 9E79B814196435AA00559838 /* PBXContainerItemProxy */;
		};
/* End PBXTargetDependency section */

/* Begin PBXVariantGroup section */
		9E79B7FA196435AA00559838 /* InfoPlist.strings */ = {
			isa = PBXVariantGroup;
			children = (
				9E79B7FB196435AA00559838 /* en */,
			);
			name = InfoPlist.strings;
			sourceTree = "<group>";
		};
		9E79B803196435AA00559838 /* Main.storyboard */ = {
			isa = PBXVariantGroup;
			children = (
				9E79B804196435AA00559838 /* Base */,
			);
			name = Main.storyboard;
			sourceTree = "<group>";
		};
		9E79B819196435AA00559838 /* InfoPlist.strings */ = {
			isa = PBXVariantGroup;
			children = (
				9E79B81A196435AA00559838 /* en */,
			);
			name = InfoPlist.strings;
			sourceTree = "<group>";
		};
/* End PBXVariantGroup section */

/* Begin XCBuildConfiguration section */
		9E79B81E196435AA00559838 /* Debug */ = {
			isa = XCBuildConfiguration;
			buildSettings = {
				ALWAYS_SEARCH_USER_PATHS = NO;
				CLANG_CXX_LANGUAGE_STANDARD = "gnu++0x";
				CLANG_CXX_LIBRARY = "libc++";
				CLANG_ENABLE_MODULES = YES;
				CLANG_ENABLE_OBJC_ARC = YES;
				CLANG_WARN_BOOL_CONVERSION = YES;
				CLANG_WARN_CONSTANT_CONVERSION = YES;
				CLANG_WARN_DIRECT_OBJC_ISA_USAGE = YES_ERROR;
				CLANG_WARN_EMPTY_BODY = YES;
				CLANG_WARN_ENUM_CONVERSION = YES;
				CLANG_WARN_INT_CONVERSION = YES;
				CLANG_WARN_OBJC_ROOT_CLASS = YES_ERROR;
				CLANG_WARN__DUPLICATE_METHOD_MATCH = YES;
				"CODE_SIGN_IDENTITY[sdk=iphoneos*]" = "iPhone Developer";
				COPY_PHASE_STRIP = NO;
				GCC_C_LANGUAGE_STANDARD = gnu99;
				GCC_DYNAMIC_NO_PIC = NO;
				GCC_OPTIMIZATION_LEVEL = 0;
				GCC_PREPROCESSOR_DEFINITIONS = (
					"DEBUG=1",
					"$(inherited)",
				);
				GCC_SYMBOLS_PRIVATE_EXTERN = NO;
				GCC_WARN_64_TO_32_BIT_CONVERSION = YES;
				GCC_WARN_ABOUT_RETURN_TYPE = YES_ERROR;
				GCC_WARN_UNDECLARED_SELECTOR = YES;
				GCC_WARN_UNINITIALIZED_AUTOS = YES_AGGRESSIVE;
				GCC_WARN_UNUSED_FUNCTION = YES;
				GCC_WARN_UNUSED_VARIABLE = YES;
				IPHONEOS_DEPLOYMENT_TARGET = 7.1;
				ONLY_ACTIVE_ARCH = YES;
				SDKROOT = iphoneos;
			};
			name = Debug;
		};
		9E79B81F196435AA00559838 /* Release */ = {
			isa = XCBuildConfiguration;
			buildSettings = {
				ALWAYS_SEARCH_USER_PATHS = NO;
				CLANG_CXX_LANGUAGE_STANDARD = "gnu++0x";
				CLANG_CXX_LIBRARY = "libc++";
				CLANG_ENABLE_MODULES = YES;
				CLANG_ENABLE_OBJC_ARC = YES;
				CLANG_WARN_BOOL_CONVERSION = YES;
				CLANG_WARN_CONSTANT_CONVERSION = YES;
				CLANG_WARN_DIRECT_OBJC_ISA_USAGE = YES_ERROR;
				CLANG_WARN_EMPTY_BODY = YES;
				CLANG_WARN_ENUM_CONVERSION = YES;
				CLANG_WARN_INT_CONVERSION = YES;
				CLANG_WARN_OBJC_ROOT_CLASS = YES_ERROR;
				CLANG_WARN__DUPLICATE_METHOD_MATCH = YES;
				"CODE_SIGN_IDENTITY[sdk=iphoneos*]" = "iPhone Developer";
				COPY_PHASE_STRIP = YES;
				ENABLE_NS_ASSERTIONS = NO;
				GCC_C_LANGUAGE_STANDARD = gnu99;
				GCC_WARN_64_TO_32_BIT_CONVERSION = YES;
				GCC_WARN_ABOUT_RETURN_TYPE = YES_ERROR;
				GCC_WARN_UNDECLARED_SELECTOR = YES;
				GCC_WARN_UNINITIALIZED_AUTOS = YES_AGGRESSIVE;
				GCC_WARN_UNUSED_FUNCTION = YES;
				GCC_WARN_UNUSED_VARIABLE = YES;
				IPHONEOS_DEPLOYMENT_TARGET = 7.1;
				SDKROOT = iphoneos;
				VALIDATE_PRODUCT = YES;
			};
			name = Release;
		};
		9E79B821196435AA00559838 /* Debug */ = {
			isa = XCBuildConfiguration;
			baseConfigurationReference = A21E14AC96954F9C9B86AA3D /* Pods.xcconfig */;
			buildSettings = {
				ASSETCATALOG_COMPILER_APPICON_NAME = AppIcon;
				ASSETCATALOG_COMPILER_LAUNCHIMAGE_NAME = LaunchImage;
				CODE_SIGN_IDENTITY = "iPhone Developer: Bobby Ren (UQA7D88UV9)";
				"CODE_SIGN_IDENTITY[sdk=iphoneos*]" = "iPhone Developer: Bobby Ren (UQA7D88UV9)";
				FRAMEWORK_SEARCH_PATHS = (
					"$(inherited)",
					"$(PROJECT_DIR)/SEVEN",
					"$(PROJECT_DIR)",
				);
				GCC_PRECOMPILE_PREFIX_HEADER = YES;
				GCC_PREFIX_HEADER = "SEVEN/SEVEN-Prefix.pch";
				INFOPLIST_FILE = "SEVEN/SEVEN-Info.plist";
				IPHONEOS_DEPLOYMENT_TARGET = 7.1;
				PRODUCT_NAME = "$(TARGET_NAME)";
				PROVISIONING_PROFILE = "d5d2eeaa-7cff-40ce-b115-c2b9c5eabcd2";
				WRAPPER_EXTENSION = app;
			};
			name = Debug;
		};
		9E79B822196435AA00559838 /* Release */ = {
			isa = XCBuildConfiguration;
			baseConfigurationReference = A21E14AC96954F9C9B86AA3D /* Pods.xcconfig */;
			buildSettings = {
				ASSETCATALOG_COMPILER_APPICON_NAME = AppIcon;
				ASSETCATALOG_COMPILER_LAUNCHIMAGE_NAME = LaunchImage;
				CODE_SIGN_IDENTITY = "iPhone Distribution: Bobby Ren (H799H8B8DD)";
				"CODE_SIGN_IDENTITY[sdk=iphoneos*]" = "iPhone Distribution: Bobby Ren (H799H8B8DD)";
				FRAMEWORK_SEARCH_PATHS = (
					"$(inherited)",
					"$(PROJECT_DIR)/SEVEN",
					"$(PROJECT_DIR)",
				);
				GCC_PRECOMPILE_PREFIX_HEADER = YES;
				GCC_PREFIX_HEADER = "SEVEN/SEVEN-Prefix.pch";
				INFOPLIST_FILE = "SEVEN/SEVEN-Info.plist";
				IPHONEOS_DEPLOYMENT_TARGET = 7.1;
				PRODUCT_NAME = "$(TARGET_NAME)";
				PROVISIONING_PROFILE = "4f1f0779-6a69-44da-b992-8d76324d2f95";
				WRAPPER_EXTENSION = app;
			};
			name = Release;
		};
		9E79B824196435AA00559838 /* Debug */ = {
			isa = XCBuildConfiguration;
			buildSettings = {
				BUNDLE_LOADER = "$(BUILT_PRODUCTS_DIR)/SEVEN.app/SEVEN";
				FRAMEWORK_SEARCH_PATHS = (
					"$(SDKROOT)/Developer/Library/Frameworks",
					"$(inherited)",
					"$(DEVELOPER_FRAMEWORKS_DIR)",
				);
				GCC_PRECOMPILE_PREFIX_HEADER = YES;
				GCC_PREFIX_HEADER = "SEVEN/SEVEN-Prefix.pch";
				GCC_PREPROCESSOR_DEFINITIONS = (
					"DEBUG=1",
					"$(inherited)",
				);
				INFOPLIST_FILE = "SEVENTests/SEVENTests-Info.plist";
				PRODUCT_NAME = "$(TARGET_NAME)";
				TEST_HOST = "$(BUNDLE_LOADER)";
				WRAPPER_EXTENSION = xctest;
			};
			name = Debug;
		};
		9E79B825196435AA00559838 /* Release */ = {
			isa = XCBuildConfiguration;
			buildSettings = {
				BUNDLE_LOADER = "$(BUILT_PRODUCTS_DIR)/SEVEN.app/SEVEN";
				FRAMEWORK_SEARCH_PATHS = (
					"$(SDKROOT)/Developer/Library/Frameworks",
					"$(inherited)",
					"$(DEVELOPER_FRAMEWORKS_DIR)",
				);
				GCC_PRECOMPILE_PREFIX_HEADER = YES;
				GCC_PREFIX_HEADER = "SEVEN/SEVEN-Prefix.pch";
				INFOPLIST_FILE = "SEVENTests/SEVENTests-Info.plist";
				PRODUCT_NAME = "$(TARGET_NAME)";
				TEST_HOST = "$(BUNDLE_LOADER)";
				WRAPPER_EXTENSION = xctest;
			};
			name = Release;
		};
/* End XCBuildConfiguration section */

/* Begin XCConfigurationList section */
		9E79B7E9196435AA00559838 /* Build configuration list for PBXProject "SEVEN" */ = {
			isa = XCConfigurationList;
			buildConfigurations = (
				9E79B81E196435AA00559838 /* Debug */,
				9E79B81F196435AA00559838 /* Release */,
			);
			defaultConfigurationIsVisible = 0;
			defaultConfigurationName = Release;
		};
		9E79B820196435AA00559838 /* Build configuration list for PBXNativeTarget "SEVEN" */ = {
			isa = XCConfigurationList;
			buildConfigurations = (
				9E79B821196435AA00559838 /* Debug */,
				9E79B822196435AA00559838 /* Release */,
			);
			defaultConfigurationIsVisible = 0;
			defaultConfigurationName = Release;
		};
		9E79B823196435AA00559838 /* Build configuration list for PBXNativeTarget "SEVENTests" */ = {
			isa = XCConfigurationList;
			buildConfigurations = (
				9E79B824196435AA00559838 /* Debug */,
				9E79B825196435AA00559838 /* Release */,
			);
			defaultConfigurationIsVisible = 0;
			defaultConfigurationName = Release;
		};
/* End XCConfigurationList section */
	};
	rootObject = 9E79B7E6196435AA00559838 /* Project object */;
}
